{"format_version":"1.0","provider_schemas":{"registry.terraform.io/databricks/databricks":{"provider":{"version":0,"block":{"attributes":{"account_id":{"type":"string","description_kind":"plain","optional":true},"auth_type":{"type":"string","description_kind":"plain","optional":true},"azure_client_id":{"type":"string","description_kind":"plain","optional":true},"azure_client_secret":{"type":"string","description_kind":"plain","optional":true,"sensitive":true},"azure_environment":{"type":"string","description_kind":"plain","optional":true},"azure_login_app_id":{"type":"string","description_kind":"plain","optional":true},"azure_tenant_id":{"type":"string","description_kind":"plain","optional":true},"azure_use_msi":{"type":"bool","description_kind":"plain","optional":true},"azure_workspace_resource_id":{"type":"string","description_kind":"plain","optional":true},"client_id":{"type":"string","description_kind":"plain","optional":true},"client_secret":{"type":"string","description_kind":"plain","optional":true,"sensitive":true},"config_file":{"type":"string","description_kind":"plain","optional":true},"debug_headers":{"type":"bool","description_kind":"plain","optional":true},"debug_truncate_bytes":{"type":"number","description_kind":"plain","optional":true},"google_credentials":{"type":"string","description_kind":"plain","optional":true,"sensitive":true},"google_service_account":{"type":"string","description_kind":"plain","optional":true},"host":{"type":"string","description_kind":"plain","optional":true},"http_timeout_seconds":{"type":"number","description_kind":"plain","optional":true},"password":{"type":"string","description_kind":"plain","optional":true,"sensitive":true},"profile":{"type":"string","description_kind":"plain","optional":true},"rate_limit":{"type":"number","description_kind":"plain","optional":true},"skip_verify":{"type":"bool","description_kind":"plain","optional":true},"token":{"type":"string","description_kind":"plain","optional":true,"sensitive":true},"token_endpoint":{"type":"string","description_kind":"plain","optional":true},"username":{"type":"string","description_kind":"plain","optional":true}},"description_kind":"plain"}},"resource_schemas":{"databricks_aws_s3_mount":{"version":2,"block":{"attributes":{"cluster_id":{"type":"string","description_kind":"plain","optional":true,"computed":true},"id":{"type":"string","description_kind":"plain","optional":true,"computed":true},"instance_profile":{"type":"string","description_kind":"plain","optional":true},"mount_name":{"type":"string","description_kind":"plain","required":true},"s3_bucket_name":{"type":"string","description_kind":"plain","required":true},"source":{"type":"string","description_kind":"plain","computed":true}},"description_kind":"plain","deprecated":true}},"databricks_azure_adls_gen1_mount":{"version":2,"block":{"attributes":{"client_id":{"type":"string","description_kind":"plain","required":true},"client_secret_key":{"type":"string","description_kind":"plain","required":true},"client_secret_scope":{"type":"string","description_kind":"plain","required":true},"cluster_id":{"type":"string","description_kind":"plain","optional":true},"directory":{"type":"string","description_kind":"plain","optional":true,"computed":true},"id":{"type":"string","description_kind":"plain","optional":true,"computed":true},"mount_name":{"type":"string","description_kind":"plain","required":true},"source":{"type":"string","description_kind":"plain","computed":true},"spark_conf_prefix":{"type":"string","description_kind":"plain","optional":true},"storage_resource_name":{"type":"string","description_kind":"plain","required":true},"tenant_id":{"type":"string","description_kind":"plain","required":true}},"description_kind":"plain","deprecated":true}},"databricks_azure_adls_gen2_mount":{"version":2,"block":{"attributes":{"client_id":{"type":"string","description_kind":"plain","required":true},"client_secret_key":{"type":"string","description_kind":"plain","required":true},"client_secret_scope":{"type":"string","description_kind":"plain","required":true},"cluster_id":{"type":"string","description_kind":"plain","optional":true},"container_name":{"type":"string","description_kind":"plain","required":true},"directory":{"type":"string","description_kind":"plain","optional":true,"computed":true},"id":{"type":"string","description_kind":"plain","optional":true,"computed":true},"initialize_file_system":{"type":"bool","description_kind":"plain","required":true},"mount_name":{"type":"string","description_kind":"plain","required":true},"source":{"type":"string","description_kind":"plain","computed":true},"storage_account_name":{"type":"string","description_kind":"plain","required":true},"tenant_id":{"type":"string","description_kind":"plain","required":true}},"description_kind":"plain","deprecated":true}},"databricks_azure_blob_mount":{"version":2,"block":{"attributes":{"auth_type":{"type":"string","description_kind":"plain","required":true},"cluster_id":{"type":"string","description_kind":"plain","optional":true},"container_name":{"type":"string","description_kind":"plain","required":true},"directory":{"type":"string","description_kind":"plain","optional":true},"id":{"type":"string","description_kind":"plain","optional":true,"computed":true},"mount_name":{"type":"string","description_kind":"plain","required":true},"source":{"type":"string","description_kind":"plain","computed":true},"storage_account_name":{"type":"string","description_kind":"plain","required":true},"token_secret_key":{"type":"string","description_kind":"plain","required":true,"sensitive":true},"token_secret_scope":{"type":"string","description_kind":"plain","required":true}},"description_kind":"plain","deprecated":true}},"databricks_catalog":{"version":0,"block":{"attributes":{"comment":{"type":"string","description_kind":"plain","optional":true},"force_destroy":{"type":"bool","description_kind":"plain","optional":true},"id":{"type":"string","description_kind":"plain","optional":true,"computed":true},"metastore_id":{"type":"string","description_kind":"plain","optional":true,"computed":true},"name":{"type":"string","description_kind":"plain","required":true},"owner":{"type":"string","description_kind":"plain","optional":true,"computed":true},"properties":{"type":["map","string"],"description_kind":"plain","optional":true},"provider_name":{"type":"string","description_kind":"plain","optional":true},"share_name":{"type":"string","description_kind":"plain","optional":true},"storage_root":{"type":"string","description_kind":"plain","optional":true}},"description_kind":"plain"}},"databricks_cluster":{"version":2,"block":{"attributes":{"apply_policy_default_values":{"type":"bool","description_kind":"plain","optional":true},"autotermination_minutes":{"type":"number","description_kind":"plain","optional":true},"cluster_id":{"type":"string","description_kind":"plain","optional":true,"computed":true},"cluster_name":{"type":"string","description_kind":"plain","optional":true},"custom_tags":{"type":["map","string"],"description_kind":"plain","optional":true},"data_security_mode":{"type":"string","description_kind":"plain","optional":true},"default_tags":{"type":["map","string"],"description_kind":"plain","computed":true},"driver_instance_pool_id":{"type":"string","description_kind":"plain","optional":true,"computed":true},"driver_node_type_id":{"type":"string","description_kind":"plain","optional":true,"computed":true},"enable_elastic_disk":{"type":"bool","description_kind":"plain","optional":true,"computed":true},"enable_local_disk_encryption":{"type":"bool","description_kind":"plain","optional":true,"computed":true},"id":{"type":"string","description_kind":"plain","optional":true,"computed":true},"idempotency_token":{"type":"string","description_kind":"plain","optional":true},"instance_pool_id":{"type":"string","description_kind":"plain","optional":true},"is_pinned":{"type":"bool","description_kind":"plain","optional":true},"node_type_id":{"type":"string","description_kind":"plain","optional":true,"computed":true},"num_workers":{"type":"number","description_kind":"plain","optional":true},"policy_id":{"type":"string","description_kind":"plain","optional":true},"runtime_engine":{"type":"string","description_kind":"plain","optional":true},"single_user_name":{"type":"string","description_kind":"plain","optional":true},"spark_conf":{"type":["map","string"],"description_kind":"plain","optional":true},"spark_env_vars":{"type":["map","string"],"description_kind":"plain","optional":true},"spark_version":{"type":"string","description_kind":"plain","required":true},"ssh_public_keys":{"type":["list","string"],"description_kind":"plain","optional":true},"state":{"type":"string","description_kind":"plain","computed":true},"url":{"type":"string","description_kind":"plain","computed":true}},"block_types":{"autoscale":{"nesting_mode":"list","block":{"attributes":{"max_workers":{"type":"number","description_kind":"plain","optional":true},"min_workers":{"type":"number","description_kind":"plain","optional":true}},"description_kind":"plain"},"max_items":1},"aws_attributes":{"nesting_mode":"list","block":{"attributes":{"availability":{"type":"string","description_kind":"plain","optional":true},"ebs_volume_count":{"type":"number","description_kind":"plain","optional":true},"ebs_volume_size":{"type":"number","description_kind":"plain","optional":true},"ebs_volume_type":{"type":"string","description_kind":"plain","optional":true},"first_on_demand":{"type":"number","description_kind":"plain","optional":true},"instance_profile_arn":{"type":"string","description_kind":"plain","optional":true},"spot_bid_price_percent":{"type":"number","description_kind":"plain","optional":true},"zone_id":{"type":"string","description_kind":"plain","optional":true}},"description_kind":"plain"},"max_items":1},"azure_attributes":{"nesting_mode":"list","block":{"attributes":{"availability":{"type":"string","description_kind":"plain","optional":true},"first_on_demand":{"type":"number","description_kind":"plain","optional":true},"spot_bid_max_price":{"type":"number","description_kind":"plain","optional":true}},"description_kind":"plain"},"max_items":1},"cluster_log_conf":{"nesting_mode":"list","block":{"block_types":{"dbfs":{"nesting_mode":"list","block":{"attributes":{"destination":{"type":"string","description_kind":"plain","required":true}},"description_kind":"plain"},"max_items":1},"s3":{"nesting_mode":"list","block":{"attributes":{"canned_acl":{"type":"string","description_kind":"plain","optional":true},"destination":{"type":"string","description_kind":"plain","required":true},"enable_encryption":{"type":"bool","description_kind":"plain","optional":true},"encryption_type":{"type":"string","description_kind":"plain","optional":true},"endpoint":{"type":"string","description_kind":"plain","optional":true},"kms_key":{"type":"string","description_kind":"plain","optional":true},"region":{"type":"string","description_kind":"plain","optional":true}},"description_kind":"plain"},"max_items":1}},"description_kind":"plain"},"max_items":1},"cluster_mount_info":{"nesting_mode":"list","block":{"attributes":{"local_mount_dir_path":{"type":"string","description_kind":"plain","required":true},"remote_mount_dir_path":{"type":"string","description_kind":"plain","optional":true}},"block_types":{"network_filesystem_info":{"nesting_mode":"list","block":{"attributes":{"mount_options":{"type":"string","description_kind":"plain","optional":true},"server_address":{"type":"string","description_kind":"plain","required":true}},"description_kind":"plain"},"min_items":1,"max_items":1}},"description_kind":"plain"}},"docker_image":{"nesting_mode":"list","block":{"attributes":{"url":{"type":"string","description_kind":"plain","required":true}},"block_types":{"basic_auth":{"nesting_mode":"list","block":{"attributes":{"password":{"type":"string","description_kind":"plain","required":true,"sensitive":true},"username":{"type":"string","description_kind":"plain","required":true}},"description_kind":"plain"},"max_items":1}},"description_kind":"plain"},"max_items":1},"gcp_attributes":{"nesting_mode":"list","block":{"attributes":{"availability":{"type":"string","description_kind":"plain","optional":true},"boot_disk_size":{"type":"number","description_kind":"plain","optional":true},"google_service_account":{"type":"string","description_kind":"plain","optional":true},"use_preemptible_executors":{"type":"bool","description_kind":"plain","optional":true},"zone_id":{"type":"string","description_kind":"plain","optional":true}},"description_kind":"plain"},"max_items":1},"init_scripts":{"nesting_mode":"list","block":{"block_types":{"abfss":{"nesting_mode":"list","block":{"attributes":{"destination":{"type":"string","description_kind":"plain","optional":true}},"description_kind":"plain"},"max_items":1},"dbfs":{"nesting_mode":"list","block":{"attributes":{"destination":{"type":"string","description_kind":"plain","required":true}},"description_kind":"plain"},"max_items":1},"file":{"nesting_mode":"list","block":{"attributes":{"destination":{"type":"string","description_kind":"plain","optional":true}},"description_kind":"plain"},"max_items":1},"gcs":{"nesting_mode":"list","block":{"attributes":{"destination":{"type":"string","description_kind":"plain","optional":true}},"description_kind":"plain"},"max_items":1},"s3":{"nesting_mode":"list","block":{"attributes":{"canned_acl":{"type":"string","description_kind":"plain","optional":true},"destination":{"type":"string","description_kind":"plain","required":true},"enable_encryption":{"type":"bool","description_kind":"plain","optional":true},"encryption_type":{"type":"string","description_kind":"plain","optional":true},"endpoint":{"type":"string","description_kind":"plain","optional":true},"kms_key":{"type":"string","description_kind":"plain","optional":true},"region":{"type":"string","description_kind":"plain","optional":true}},"description_kind":"plain"},"max_items":1}},"description_kind":"plain"},"max_items":10},"library":{"nesting_mode":"set","block":{"attributes":{"egg":{"type":"string","description_kind":"plain","optional":true},"jar":{"type":"string","description_kind":"plain","optional":true},"whl":{"type":"string","description_kind":"plain","optional":true}},"block_types":{"cran":{"nesting_mode":"list","block":{"attributes":{"package":{"type":"string","description_kind":"plain","required":true},"repo":{"type":"string","description_kind":"plain","optional":true}},"description_kind":"plain"},"max_items":1},"maven":{"nesting_mode":"list","block":{"attributes":{"coordinates":{"type":"string","description_kind":"plain","required":true},"exclusions":{"type":["list","string"],"description_kind":"plain","optional":true},"repo":{"type":"string","description_kind":"plain","optional":true}},"description_kind":"plain"},"max_items":1},"pypi":{"nesting_mode":"list","block":{"attributes":{"package":{"type":"string","description_kind":"plain","required":true},"repo":{"type":"string","description_kind":"plain","optional":true}},"description_kind":"plain"},"max_items":1}},"description_kind":"plain"}},"timeouts":{"nesting_mode":"single","block":{"attributes":{"create":{"type":"string","description_kind":"plain","optional":true},"delete":{"type":"string","description_kind":"plain","optional":true},"update":{"type":"string","description_kind":"plain","optional":true}},"description_kind":"plain"}},"workload_type":{"nesting_mode":"list","block":{"block_types":{"clients":{"nesting_mode":"list","block":{"attributes":{"jobs":{"type":"bool","description_kind":"plain","optional":true},"notebooks":{"type":"bool","description_kind":"plain","optional":true}},"description_kind":"plain"},"min_items":1,"max_items":1}},"description_kind":"plain"},"max_items":1}},"description_kind":"plain"}},"databricks_cluster_policy":{"version":0,"block":{"attributes":{"definition":{"type":"string","description":"Policy definition JSON document expressed in\nDatabricks Policy Definition Language.","description_kind":"plain","required":true},"id":{"type":"string","description_kind":"plain","optional":true,"computed":true},"max_clusters_per_user":{"type":"number","description":"Max number of clusters per user that can be active\nusing this policy. If not present, there is no max limit.","description_kind":"plain","optional":true},"name":{"type":"string","description":"Cluster policy name. This must be unique.\nLength must be between 1 and 100 characters.","description_kind":"plain","required":true},"policy_id":{"type":"string","description_kind":"plain","computed":true}},"description_kind":"plain"}},"databricks_dbfs_file":{"version":1,"block":{"attributes":{"content_base64":{"type":"string","description_kind":"plain","optional":true},"dbfs_path":{"type":"string","description_kind":"plain","computed":true},"file_size":{"type":"number","description_kind":"plain","computed":true},"id":{"type":"string","description_kind":"plain","optional":true,"computed":true},"md5":{"type":"string","description_kind":"plain","optional":true},"path":{"type":"string","description_kind":"plain","required":true},"source":{"type":"string","description_kind":"plain","optional":true}},"description_kind":"plain"}},"databricks_directory":{"version":0,"block":{"attributes":{"delete_recursive":{"type":"bool","description_kind":"plain","optional":true},"id":{"type":"string","description_kind":"plain","optional":true,"computed":true},"object_id":{"type":"number","description_kind":"plain","optional":true,"computed":true},"path":{"type":"string","description_kind":"plain","required":true}},"description_kind":"plain"}},"databricks_entitlements":{"version":0,"block":{"attributes":{"allow_cluster_create":{"type":"bool","description_kind":"plain","optional":true},"allow_instance_pool_create":{"type":"bool","description_kind":"plain","optional":true},"databricks_sql_access":{"type":"bool","description_kind":"plain","optional":true},"group_id":{"type":"string","description_kind":"plain","optional":true},"id":{"type":"string","description_kind":"plain","optional":true,"computed":true},"service_principal_id":{"type":"string","description_kind":"plain","optional":true},"user_id":{"type":"string","description_kind":"plain","optional":true},"workspace_access":{"type":"bool","description_kind":"plain","optional":true}},"description_kind":"plain"}},"databricks_external_location":{"version":0,"block":{"attributes":{"comment":{"type":"string","description_kind":"plain","optional":true},"credential_name":{"type":"string","description_kind":"plain","required":true},"id":{"type":"string","description_kind":"plain","optional":true,"computed":true},"metastore_id":{"type":"string","description_kind":"plain","optional":true,"computed":true},"name":{"type":"string","description_kind":"plain","required":true},"owner":{"type":"string","description_kind":"plain","optional":true,"computed":true},"skip_validation":{"type":"bool","description_kind":"plain","optional":true},"url":{"type":"string","description_kind":"plain","required":true}},"description_kind":"plain"}},"databricks_git_credential":{"version":1,"block":{"attributes":{"force":{"type":"bool","description_kind":"plain","optional":true},"git_provider":{"type":"string","description_kind":"plain","required":true},"git_username":{"type":"string","description_kind":"plain","required":true},"id":{"type":"string","description_kind":"plain","optional":true,"computed":true},"personal_access_token":{"type":"string","description_kind":"plain","required":true,"sensitive":true}},"description_kind":"plain"}},"databricks_global_init_script":{"version":1,"block":{"attributes":{"content_base64":{"type":"string","description_kind":"plain","optional":true},"enabled":{"type":"bool","description_kind":"plain","optional":true},"id":{"type":"string","description_kind":"plain","optional":true,"computed":true},"md5":{"type":"string","description_kind":"plain","optional":true},"name":{"type":"string","description_kind":"plain","required":true},"position":{"type":"number","description_kind":"plain","optional":true,"computed":true},"source":{"type":"string","description_kind":"plain","optional":true}},"block_types":{"timeouts":{"nesting_mode":"single","block":{"description_kind":"plain"}}},"description_kind":"plain"}},"databricks_grants":{"version":0,"block":{"attributes":{"catalog":{"type":"string","description_kind":"plain","optional":true},"external_location":{"type":"string","description_kind":"plain","optional":true},"function":{"type":"string","description_kind":"plain","optional":true},"id":{"type":"string","description_kind":"plain","optional":true,"computed":true},"materialized_view":{"type":"string","description_kind":"plain","optional":true},"metastore":{"type":"string","description_kind":"plain","optional":true},"schema":{"type":"string","description_kind":"plain","optional":true},"share":{"type":"string","description_kind":"plain","optional":true},"storage_credential":{"type":"string","description_kind":"plain","optional":true},"table":{"type":"string","description_kind":"plain","optional":true},"view":{"type":"string","description_kind":"plain","optional":true}},"block_types":{"grant":{"nesting_mode":"set","block":{"attributes":{"principal":{"type":"string","description_kind":"plain","required":true},"privileges":{"type":["set","string"],"description_kind":"plain","required":true}},"description_kind":"plain"},"min_items":1}},"description_kind":"plain"}},"databricks_group":{"version":0,"block":{"attributes":{"allow_cluster_create":{"type":"bool","description_kind":"plain","optional":true},"allow_instance_pool_create":{"type":"bool","description_kind":"plain","optional":true},"databricks_sql_access":{"type":"bool","description_kind":"plain","optional":true},"display_name":{"type":"string","description_kind":"plain","required":true},"external_id":{"type":"string","description_kind":"plain","optional":true},"force":{"type":"bool","description_kind":"plain","optional":true},"id":{"type":"string","description_kind":"plain","optional":true,"computed":true},"url":{"type":"string","description_kind":"plain","optional":true,"computed":true},"workspace_access":{"type":"bool","description_kind":"plain","optional":true}},"description_kind":"plain"}},"databricks_group_instance_profile":{"version":0,"block":{"attributes":{"group_id":{"type":"string","description_kind":"plain","required":true},"id":{"type":"string","description_kind":"plain","optional":true,"computed":true},"instance_profile_id":{"type":"string","description_kind":"plain","required":true}},"description_kind":"plain","deprecated":true}},"databricks_group_member":{"version":0,"block":{"attributes":{"group_id":{"type":"string","description_kind":"plain","required":true},"id":{"type":"string","description_kind":"plain","optional":true,"computed":true},"member_id":{"type":"string","description_kind":"plain","required":true}},"description_kind":"plain"}},"databricks_group_role":{"version":0,"block":{"attributes":{"group_id":{"type":"string","description_kind":"plain","required":true},"id":{"type":"string","description_kind":"plain","optional":true,"computed":true},"role":{"type":"string","description_kind":"plain","required":true}},"description_kind":"plain"}},"databricks_instance_pool":{"version":0,"block":{"attributes":{"custom_tags":{"type":["map","string"],"description_kind":"plain","optional":true},"enable_elastic_disk":{"type":"bool","description_kind":"plain","optional":true},"id":{"type":"string","description_kind":"plain","optional":true,"computed":true},"idle_instance_autotermination_minutes":{"type":"number","description_kind":"plain","required":true},"instance_pool_id":{"type":"string","description_kind":"plain","optional":true,"computed":true},"instance_pool_name":{"type":"string","description_kind":"plain","required":true},"max_capacity":{"type":"number","description_kind":"plain","optional":true},"min_idle_instances":{"type":"number","description_kind":"plain","optional":true},"node_type_id":{"type":"string","description_kind":"plain","optional":true},"preloaded_spark_versions":{"type":["list","string"],"description_kind":"plain","optional":true}},"block_types":{"aws_attributes":{"nesting_mode":"list","block":{"attributes":{"availability":{"type":"string","description_kind":"plain","optional":true},"spot_bid_price_percent":{"type":"number","description_kind":"plain","optional":true},"zone_id":{"type":"string","description_kind":"plain","optional":true,"computed":true}},"description_kind":"plain"},"max_items":1},"azure_attributes":{"nesting_mode":"list","block":{"attributes":{"availability":{"type":"string","description_kind":"plain","optional":true},"spot_bid_max_price":{"type":"number","description_kind":"plain","optional":true}},"description_kind":"plain"},"max_items":1},"disk_spec":{"nesting_mode":"list","block":{"attributes":{"disk_count":{"type":"number","description_kind":"plain","optional":true},"disk_size":{"type":"number","description_kind":"plain","optional":true}},"block_types":{"disk_type":{"nesting_mode":"list","block":{"attributes":{"azure_disk_volume_type":{"type":"string","description_kind":"plain","optional":true},"ebs_volume_type":{"type":"string","description_kind":"plain","optional":true}},"description_kind":"plain"},"max_items":1}},"description_kind":"plain"},"max_items":1},"gcp_attributes":{"nesting_mode":"list","block":{"attributes":{"gcp_availability":{"type":"string","description_kind":"plain","optional":true}},"description_kind":"plain"},"max_items":1},"instance_pool_fleet_attributes":{"nesting_mode":"list","block":{"block_types":{"fleet_on_demand_option":{"nesting_mode":"list","block":{"attributes":{"allocation_strategy":{"type":"string","description_kind":"plain","required":true},"instance_pools_to_use_count":{"type":"number","description_kind":"plain","optional":true}},"description_kind":"plain"},"max_items":1},"fleet_spot_option":{"nesting_mode":"list","block":{"attributes":{"allocation_strategy":{"type":"string","description_kind":"plain","required":true},"instance_pools_to_use_count":{"type":"number","description_kind":"plain","optional":true}},"description_kind":"plain"},"max_items":1},"launch_template_override":{"nesting_mode":"set","block":{"attributes":{"availability_zone":{"type":"string","description_kind":"plain","required":true},"instance_type":{"type":"string","description_kind":"plain","required":true}},"description_kind":"plain"},"min_items":1}},"description_kind":"plain"},"max_items":1},"preloaded_docker_image":{"nesting_mode":"set","block":{"attributes":{"url":{"type":"string","description_kind":"plain","required":true}},"block_types":{"basic_auth":{"nesting_mode":"list","block":{"attributes":{"password":{"type":"string","description_kind":"plain","required":true,"sensitive":true},"username":{"type":"string","description_kind":"plain","required":true}},"description_kind":"plain"},"max_items":1}},"description_kind":"plain"}}},"description_kind":"plain"}},"databricks_instance_profile":{"version":0,"block":{"attributes":{"iam_role_arn":{"type":"string","description_kind":"plain","optional":true},"id":{"type":"string","description_kind":"plain","optional":true,"computed":true},"instance_profile_arn":{"type":"string","description_kind":"plain","required":true},"is_meta_instance_profile":{"type":"bool","description_kind":"plain","optional":true},"skip_validation":{"type":"bool","description_kind":"plain","optional":true,"computed":true}},"description_kind":"plain"}},"databricks_ip_access_list":{"version":0,"block":{"attributes":{"enabled":{"type":"bool","description_kind":"plain","optional":true},"id":{"type":"string","description_kind":"plain","optional":true,"computed":true},"ip_addresses":{"type":["list","string"],"description_kind":"plain","required":true},"label":{"type":"string","description_kind":"plain","required":true},"list_type":{"type":"string","description_kind":"plain","required":true}},"description_kind":"plain"}},"databricks_job":{"version":2,"block":{"attributes":{"always_running":{"type":"bool","description_kind":"plain","optional":true},"existing_cluster_id":{"type":"string","description_kind":"plain","optional":true},"format":{"type":"string","description_kind":"plain","optional":true,"computed":true},"id":{"type":"string","description_kind":"plain","optional":true,"computed":true},"max_concurrent_runs":{"type":"number","description_kind":"plain","optional":true},"max_retries":{"type":"number","description_kind":"plain","optional":true},"min_retry_interval_millis":{"type":"number","description_kind":"plain","optional":true},"name":{"type":"string","description_kind":"plain","optional":true},"retry_on_timeout":{"type":"bool","description_kind":"plain","optional":true},"tags":{"type":["map","string"],"description_kind":"plain","optional":true},"timeout_seconds":{"type":"number","description_kind":"plain","optional":true},"url":{"type":"string","description_kind":"plain","computed":true}},"block_types":{"dbt_task":{"nesting_mode":"list","block":{"attributes":{"catalog":{"type":"string","description_kind":"plain","optional":true},"commands":{"type":["list","string"],"description_kind":"plain","required":true},"profiles_directory":{"type":"string","description_kind":"plain","optional":true},"project_directory":{"type":"string","description_kind":"plain","optional":true},"schema":{"type":"string","description_kind":"plain","optional":true},"warehouse_id":{"type":"string","description_kind":"plain","optional":true}},"description_kind":"plain"},"max_items":1},"email_notifications":{"nesting_mode":"list","block":{"attributes":{"alert_on_last_attempt":{"type":"bool","description_kind":"plain","optional":true},"no_alert_for_skipped_runs":{"type":"bool","description_kind":"plain","optional":true},"on_failure":{"type":["list","string"],"description_kind":"plain","optional":true},"on_start":{"type":["list","string"],"description_kind":"plain","optional":true},"on_success":{"type":["list","string"],"description_kind":"plain","optional":true}},"description_kind":"plain"},"max_items":1},"git_source":{"nesting_mode":"list","block":{"attributes":{"branch":{"type":"string","description_kind":"plain","optional":true},"commit":{"type":"string","description_kind":"plain","optional":true},"provider":{"type":"string","description_kind":"plain","optional":true},"tag":{"type":"string","description_kind":"plain","optional":true},"url":{"type":"string","description_kind":"plain","required":true}},"description_kind":"plain"},"max_items":1},"job_cluster":{"nesting_mode":"list","block":{"attributes":{"job_cluster_key":{"type":"string","description_kind":"plain","optional":true}},"block_types":{"new_cluster":{"nesting_mode":"list","block":{"attributes":{"apply_policy_default_values":{"type":"bool","description_kind":"plain","optional":true},"autotermination_minutes":{"type":"number","description_kind":"plain","optional":true},"cluster_id":{"type":"string","description_kind":"plain","optional":true},"cluster_name":{"type":"string","description_kind":"plain","optional":true},"custom_tags":{"type":["map","string"],"description_kind":"plain","optional":true},"data_security_mode":{"type":"string","description_kind":"plain","optional":true},"driver_instance_pool_id":{"type":"string","description_kind":"plain","optional":true,"computed":true},"driver_node_type_id":{"type":"string","description_kind":"plain","optional":true,"computed":true},"enable_elastic_disk":{"type":"bool","description_kind":"plain","optional":true,"computed":true},"enable_local_disk_encryption":{"type":"bool","description_kind":"plain","optional":true,"computed":true},"idempotency_token":{"type":"string","description_kind":"plain","optional":true},"instance_pool_id":{"type":"string","description_kind":"plain","optional":true},"node_type_id":{"type":"string","description_kind":"plain","optional":true,"computed":true},"num_workers":{"type":"number","description_kind":"plain","optional":true},"policy_id":{"type":"string","description_kind":"plain","optional":true},"runtime_engine":{"type":"string","description_kind":"plain","optional":true},"single_user_name":{"type":"string","description_kind":"plain","optional":true},"spark_conf":{"type":["map","string"],"description_kind":"plain","optional":true},"spark_env_vars":{"type":["map","string"],"description_kind":"plain","optional":true},"spark_version":{"type":"string","description_kind":"plain","required":true},"ssh_public_keys":{"type":["list","string"],"description_kind":"plain","optional":true}},"block_types":{"autoscale":{"nesting_mode":"list","block":{"attributes":{"max_workers":{"type":"number","description_kind":"plain","optional":true},"min_workers":{"type":"number","description_kind":"plain","optional":true}},"description_kind":"plain"},"max_items":1},"aws_attributes":{"nesting_mode":"list","block":{"attributes":{"availability":{"type":"string","description_kind":"plain","optional":true},"ebs_volume_count":{"type":"number","description_kind":"plain","optional":true},"ebs_volume_size":{"type":"number","description_kind":"plain","optional":true},"ebs_volume_type":{"type":"string","description_kind":"plain","optional":true},"first_on_demand":{"type":"number","description_kind":"plain","optional":true},"instance_profile_arn":{"type":"string","description_kind":"plain","optional":true},"spot_bid_price_percent":{"type":"number","description_kind":"plain","optional":true},"zone_id":{"type":"string","description_kind":"plain","optional":true}},"description_kind":"plain"},"max_items":1},"azure_attributes":{"nesting_mode":"list","block":{"attributes":{"availability":{"type":"string","description_kind":"plain","optional":true},"first_on_demand":{"type":"number","description_kind":"plain","optional":true},"spot_bid_max_price":{"type":"number","description_kind":"plain","optional":true}},"description_kind":"plain"},"max_items":1},"cluster_log_conf":{"nesting_mode":"list","block":{"block_types":{"dbfs":{"nesting_mode":"list","block":{"attributes":{"destination":{"type":"string","description_kind":"plain","required":true}},"description_kind":"plain"},"max_items":1},"s3":{"nesting_mode":"list","block":{"attributes":{"canned_acl":{"type":"string","description_kind":"plain","optional":true},"destination":{"type":"string","description_kind":"plain","required":true},"enable_encryption":{"type":"bool","description_kind":"plain","optional":true},"encryption_type":{"type":"string","description_kind":"plain","optional":true},"endpoint":{"type":"string","description_kind":"plain","optional":true},"kms_key":{"type":"string","description_kind":"plain","optional":true},"region":{"type":"string","description_kind":"plain","optional":true}},"description_kind":"plain"},"max_items":1}},"description_kind":"plain"},"max_items":1},"cluster_mount_info":{"nesting_mode":"list","block":{"attributes":{"local_mount_dir_path":{"type":"string","description_kind":"plain","required":true},"remote_mount_dir_path":{"type":"string","description_kind":"plain","optional":true}},"block_types":{"network_filesystem_info":{"nesting_mode":"list","block":{"attributes":{"mount_options":{"type":"string","description_kind":"plain","optional":true},"server_address":{"type":"string","description_kind":"plain","required":true}},"description_kind":"plain"},"min_items":1,"max_items":1}},"description_kind":"plain"}},"docker_image":{"nesting_mode":"list","block":{"attributes":{"url":{"type":"string","description_kind":"plain","required":true}},"block_types":{"basic_auth":{"nesting_mode":"list","block":{"attributes":{"password":{"type":"string","description_kind":"plain","required":true,"sensitive":true},"username":{"type":"string","description_kind":"plain","required":true}},"description_kind":"plain"},"max_items":1}},"description_kind":"plain"},"max_items":1},"gcp_attributes":{"nesting_mode":"list","block":{"attributes":{"availability":{"type":"string","description_kind":"plain","optional":true},"boot_disk_size":{"type":"number","description_kind":"plain","optional":true},"google_service_account":{"type":"string","description_kind":"plain","optional":true},"use_preemptible_executors":{"type":"bool","description_kind":"plain","optional":true},"zone_id":{"type":"string","description_kind":"plain","optional":true}},"description_kind":"plain"},"max_items":1},"init_scripts":{"nesting_mode":"list","block":{"block_types":{"abfss":{"nesting_mode":"list","block":{"attributes":{"destination":{"type":"string","description_kind":"plain","optional":true}},"description_kind":"plain"},"max_items":1},"dbfs":{"nesting_mode":"list","block":{"attributes":{"destination":{"type":"string","description_kind":"plain","required":true}},"description_kind":"plain"},"max_items":1},"file":{"nesting_mode":"list","block":{"attributes":{"destination":{"type":"string","description_kind":"plain","optional":true}},"description_kind":"plain"},"max_items":1},"gcs":{"nesting_mode":"list","block":{"attributes":{"destination":{"type":"string","description_kind":"plain","optional":true}},"description_kind":"plain"},"max_items":1},"s3":{"nesting_mode":"list","block":{"attributes":{"canned_acl":{"type":"string","description_kind":"plain","optional":true},"destination":{"type":"string","description_kind":"plain","required":true},"enable_encryption":{"type":"bool","description_kind":"plain","optional":true},"encryption_type":{"type":"string","description_kind":"plain","optional":true},"endpoint":{"type":"string","description_kind":"plain","optional":true},"kms_key":{"type":"string","description_kind":"plain","optional":true},"region":{"type":"string","description_kind":"plain","optional":true}},"description_kind":"plain"},"max_items":1}},"description_kind":"plain"},"max_items":10},"workload_type":{"nesting_mode":"list","block":{"block_types":{"clients":{"nesting_mode":"list","block":{"attributes":{"jobs":{"type":"bool","description_kind":"plain","optional":true},"notebooks":{"type":"bool","description_kind":"plain","optional":true}},"description_kind":"plain"},"min_items":1,"max_items":1}},"description_kind":"plain"},"max_items":1}},"description_kind":"plain"},"max_items":1}},"description_kind":"plain"}},"library":{"nesting_mode":"set","block":{"attributes":{"egg":{"type":"string","description_kind":"plain","optional":true},"jar":{"type":"string","description_kind":"plain","optional":true},"whl":{"type":"string","description_kind":"plain","optional":true}},"block_types":{"cran":{"nesting_mode":"list","block":{"attributes":{"package":{"type":"string","description_kind":"plain","required":true},"repo":{"type":"string","description_kind":"plain","optional":true}},"description_kind":"plain"},"max_items":1},"maven":{"nesting_mode":"list","block":{"attributes":{"coordinates":{"type":"string","description_kind":"plain","required":true},"exclusions":{"type":["list","string"],"description_kind":"plain","optional":true},"repo":{"type":"string","description_kind":"plain","optional":true}},"description_kind":"plain"},"max_items":1},"pypi":{"nesting_mode":"list","block":{"attributes":{"package":{"type":"string","description_kind":"plain","required":true},"repo":{"type":"string","description_kind":"plain","optional":true}},"description_kind":"plain"},"max_items":1}},"description_kind":"plain"}},"new_cluster":{"nesting_mode":"list","block":{"attributes":{"apply_policy_default_values":{"type":"bool","description_kind":"plain","optional":true},"autotermination_minutes":{"type":"number","description_kind":"plain","optional":true},"cluster_id":{"type":"string","description_kind":"plain","optional":true},"cluster_name":{"type":"string","description_kind":"plain","optional":true},"custom_tags":{"type":["map","string"],"description_kind":"plain","optional":true},"data_security_mode":{"type":"string","description_kind":"plain","optional":true},"driver_instance_pool_id":{"type":"string","description_kind":"plain","optional":true,"computed":true},"driver_node_type_id":{"type":"string","description_kind":"plain","optional":true,"computed":true},"enable_elastic_disk":{"type":"bool","description_kind":"plain","optional":true,"computed":true},"enable_local_disk_encryption":{"type":"bool","description_kind":"plain","optional":true,"computed":true},"idempotency_token":{"type":"string","description_kind":"plain","optional":true},"instance_pool_id":{"type":"string","description_kind":"plain","optional":true},"node_type_id":{"type":"string","description_kind":"plain","optional":true,"computed":true},"num_workers":{"type":"number","description_kind":"plain","optional":true},"policy_id":{"type":"string","description_kind":"plain","optional":true},"runtime_engine":{"type":"string","description_kind":"plain","optional":true},"single_user_name":{"type":"string","description_kind":"plain","optional":true},"spark_conf":{"type":["map","string"],"description_kind":"plain","optional":true},"spark_env_vars":{"type":["map","string"],"description_kind":"plain","optional":true},"spark_version":{"type":"string","description_kind":"plain","required":true},"ssh_public_keys":{"type":["list","string"],"description_kind":"plain","optional":true}},"block_types":{"autoscale":{"nesting_mode":"list","block":{"attributes":{"max_workers":{"type":"number","description_kind":"plain","optional":true},"min_workers":{"type":"number","description_kind":"plain","optional":true}},"description_kind":"plain"},"max_items":1},"aws_attributes":{"nesting_mode":"list","block":{"attributes":{"availability":{"type":"string","description_kind":"plain","optional":true},"ebs_volume_count":{"type":"number","description_kind":"plain","optional":true},"ebs_volume_size":{"type":"number","description_kind":"plain","optional":true},"ebs_volume_type":{"type":"string","description_kind":"plain","optional":true},"first_on_demand":{"type":"number","description_kind":"plain","optional":true},"instance_profile_arn":{"type":"string","description_kind":"plain","optional":true},"spot_bid_price_percent":{"type":"number","description_kind":"plain","optional":true},"zone_id":{"type":"string","description_kind":"plain","optional":true}},"description_kind":"plain"},"max_items":1},"azure_attributes":{"nesting_mode":"list","block":{"attributes":{"availability":{"type":"string","description_kind":"plain","optional":true},"first_on_demand":{"type":"number","description_kind":"plain","optional":true},"spot_bid_max_price":{"type":"number","description_kind":"plain","optional":true}},"description_kind":"plain"},"max_items":1},"cluster_log_conf":{"nesting_mode":"list","block":{"block_types":{"dbfs":{"nesting_mode":"list","block":{"attributes":{"destination":{"type":"string","description_kind":"plain","required":true}},"description_kind":"plain"},"max_items":1},"s3":{"nesting_mode":"list","block":{"attributes":{"canned_acl":{"type":"string","description_kind":"plain","optional":true},"destination":{"type":"string","description_kind":"plain","required":true},"enable_encryption":{"type":"bool","description_kind":"plain","optional":true},"encryption_type":{"type":"string","description_kind":"plain","optional":true},"endpoint":{"type":"string","description_kind":"plain","optional":true},"kms_key":{"type":"string","description_kind":"plain","optional":true},"region":{"type":"string","description_kind":"plain","optional":true}},"description_kind":"plain"},"max_items":1}},"description_kind":"plain"},"max_items":1},"cluster_mount_info":{"nesting_mode":"list","block":{"attributes":{"local_mount_dir_path":{"type":"string","description_kind":"plain","required":true},"remote_mount_dir_path":{"type":"string","description_kind":"plain","optional":true}},"block_types":{"network_filesystem_info":{"nesting_mode":"list","block":{"attributes":{"mount_options":{"type":"string","description_kind":"plain","optional":true},"server_address":{"type":"string","description_kind":"plain","required":true}},"description_kind":"plain"},"min_items":1,"max_items":1}},"description_kind":"plain"}},"docker_image":{"nesting_mode":"list","block":{"attributes":{"url":{"type":"string","description_kind":"plain","required":true}},"block_types":{"basic_auth":{"nesting_mode":"list","block":{"attributes":{"password":{"type":"string","description_kind":"plain","required":true,"sensitive":true},"username":{"type":"string","description_kind":"plain","required":true}},"description_kind":"plain"},"max_items":1}},"description_kind":"plain"},"max_items":1},"gcp_attributes":{"nesting_mode":"list","block":{"attributes":{"availability":{"type":"string","description_kind":"plain","optional":true},"boot_disk_size":{"type":"number","description_kind":"plain","optional":true},"google_service_account":{"type":"string","description_kind":"plain","optional":true},"use_preemptible_executors":{"type":"bool","description_kind":"plain","optional":true},"zone_id":{"type":"string","description_kind":"plain","optional":true}},"description_kind":"plain"},"max_items":1},"init_scripts":{"nesting_mode":"list","block":{"block_types":{"abfss":{"nesting_mode":"list","block":{"attributes":{"destination":{"type":"string","description_kind":"plain","optional":true}},"description_kind":"plain"},"max_items":1},"dbfs":{"nesting_mode":"list","block":{"attributes":{"destination":{"type":"string","description_kind":"plain","required":true}},"description_kind":"plain"},"max_items":1},"file":{"nesting_mode":"list","block":{"attributes":{"destination":{"type":"string","description_kind":"plain","optional":true}},"description_kind":"plain"},"max_items":1},"gcs":{"nesting_mode":"list","block":{"attributes":{"destination":{"type":"string","description_kind":"plain","optional":true}},"description_kind":"plain"},"max_items":1},"s3":{"nesting_mode":"list","block":{"attributes":{"canned_acl":{"type":"string","description_kind":"plain","optional":true},"destination":{"type":"string","description_kind":"plain","required":true},"enable_encryption":{"type":"bool","description_kind":"plain","optional":true},"encryption_type":{"type":"string","description_kind":"plain","optional":true},"endpoint":{"type":"string","description_kind":"plain","optional":true},"kms_key":{"type":"string","description_kind":"plain","optional":true},"region":{"type":"string","description_kind":"plain","optional":true}},"description_kind":"plain"},"max_items":1}},"description_kind":"plain"},"max_items":10},"workload_type":{"nesting_mode":"list","block":{"block_types":{"clients":{"nesting_mode":"list","block":{"attributes":{"jobs":{"type":"bool","description_kind":"plain","optional":true},"notebooks":{"type":"bool","description_kind":"plain","optional":true}},"description_kind":"plain"},"min_items":1,"max_items":1}},"description_kind":"plain"},"max_items":1}},"description_kind":"plain"},"max_items":1},"notebook_task":{"nesting_mode":"list","block":{"attributes":{"base_parameters":{"type":["map","string"],"description_kind":"plain","optional":true},"notebook_path":{"type":"string","description_kind":"plain","required":true},"source":{"type":"string","description_kind":"plain","optional":true}},"description_kind":"plain"},"max_items":1},"pipeline_task":{"nesting_mode":"list","block":{"attributes":{"pipeline_id":{"type":"string","description_kind":"plain","required":true}},"description_kind":"plain"},"max_items":1},"python_wheel_task":{"nesting_mode":"list","block":{"attributes":{"entry_point":{"type":"string","description_kind":"plain","optional":true},"named_parameters":{"type":["map","string"],"description_kind":"plain","optional":true},"package_name":{"type":"string","description_kind":"plain","optional":true},"parameters":{"type":["list","string"],"description_kind":"plain","optional":true}},"description_kind":"plain"},"max_items":1},"schedule":{"nesting_mode":"list","block":{"attributes":{"pause_status":{"type":"string","description_kind":"plain","optional":true,"computed":true},"quartz_cron_expression":{"type":"string","description_kind":"plain","required":true},"timezone_id":{"type":"string","description_kind":"plain","required":true}},"description_kind":"plain"},"max_items":1},"spark_jar_task":{"nesting_mode":"list","block":{"attributes":{"jar_uri":{"type":"string","description_kind":"plain","optional":true},"main_class_name":{"type":"string","description_kind":"plain","optional":true},"parameters":{"type":["list","string"],"description_kind":"plain","optional":true}},"description_kind":"plain"},"max_items":1},"spark_python_task":{"nesting_mode":"list","block":{"attributes":{"parameters":{"type":["list","string"],"description_kind":"plain","optional":true},"python_file":{"type":"string","description_kind":"plain","required":true}},"description_kind":"plain"},"max_items":1},"spark_submit_task":{"nesting_mode":"list","block":{"attributes":{"parameters":{"type":["list","string"],"description_kind":"plain","optional":true}},"description_kind":"plain"},"max_items":1},"task":{"nesting_mode":"list","block":{"attributes":{"description":{"type":"string","description_kind":"plain","optional":true},"existing_cluster_id":{"type":"string","description_kind":"plain","optional":true},"job_cluster_key":{"type":"string","description_kind":"plain","optional":true},"max_retries":{"type":"number","description_kind":"plain","optional":true},"min_retry_interval_millis":{"type":"number","description_kind":"plain","optional":true},"retry_on_timeout":{"type":"bool","description_kind":"plain","optional":true,"computed":true},"task_key":{"type":"string","description_kind":"plain","optional":true},"timeout_seconds":{"type":"number","description_kind":"plain","optional":true}},"block_types":{"dbt_task":{"nesting_mode":"list","block":{"attributes":{"catalog":{"type":"string","description_kind":"plain","optional":true},"commands":{"type":["list","string"],"description_kind":"plain","required":true},"profiles_directory":{"type":"string","description_kind":"plain","optional":true},"project_directory":{"type":"string","description_kind":"plain","optional":true},"schema":{"type":"string","description_kind":"plain","optional":true},"warehouse_id":{"type":"string","description_kind":"plain","optional":true}},"description_kind":"plain"},"max_items":1},"depends_on":{"nesting_mode":"list","block":{"attributes":{"task_key":{"type":"string","description_kind":"plain","optional":true}},"description_kind":"plain"}},"email_notifications":{"nesting_mode":"list","block":{"attributes":{"alert_on_last_attempt":{"type":"bool","description_kind":"plain","optional":true},"no_alert_for_skipped_runs":{"type":"bool","description_kind":"plain","optional":true},"on_failure":{"type":["list","string"],"description_kind":"plain","optional":true},"on_start":{"type":["list","string"],"description_kind":"plain","optional":true},"on_success":{"type":["list","string"],"description_kind":"plain","optional":true}},"description_kind":"plain"},"max_items":1},"library":{"nesting_mode":"set","block":{"attributes":{"egg":{"type":"string","description_kind":"plain","optional":true},"jar":{"type":"string","description_kind":"plain","optional":true},"whl":{"type":"string","description_kind":"plain","optional":true}},"block_types":{"cran":{"nesting_mode":"list","block":{"attributes":{"package":{"type":"string","description_kind":"plain","required":true},"repo":{"type":"string","description_kind":"plain","optional":true}},"description_kind":"plain"},"max_items":1},"maven":{"nesting_mode":"list","block":{"attributes":{"coordinates":{"type":"string","description_kind":"plain","required":true},"exclusions":{"type":["list","string"],"description_kind":"plain","optional":true},"repo":{"type":"string","description_kind":"plain","optional":true}},"description_kind":"plain"},"max_items":1},"pypi":{"nesting_mode":"list","block":{"attributes":{"package":{"type":"string","description_kind":"plain","required":true},"repo":{"type":"string","description_kind":"plain","optional":true}},"description_kind":"plain"},"max_items":1}},"description_kind":"plain"}},"new_cluster":{"nesting_mode":"list","block":{"attributes":{"apply_policy_default_values":{"type":"bool","description_kind":"plain","optional":true},"autotermination_minutes":{"type":"number","description_kind":"plain","optional":true},"cluster_id":{"type":"string","description_kind":"plain","optional":true},"cluster_name":{"type":"string","description_kind":"plain","optional":true},"custom_tags":{"type":["map","string"],"description_kind":"plain","optional":true},"data_security_mode":{"type":"string","description_kind":"plain","optional":true},"driver_instance_pool_id":{"type":"string","description_kind":"plain","optional":true,"computed":true},"driver_node_type_id":{"type":"string","description_kind":"plain","optional":true,"computed":true},"enable_elastic_disk":{"type":"bool","description_kind":"plain","optional":true,"computed":true},"enable_local_disk_encryption":{"type":"bool","description_kind":"plain","optional":true,"computed":true},"idempotency_token":{"type":"string","description_kind":"plain","optional":true},"instance_pool_id":{"type":"string","description_kind":"plain","optional":true},"node_type_id":{"type":"string","description_kind":"plain","optional":true,"computed":true},"num_workers":{"type":"number","description_kind":"plain","optional":true},"policy_id":{"type":"string","description_kind":"plain","optional":true},"runtime_engine":{"type":"string","description_kind":"plain","optional":true},"single_user_name":{"type":"string","description_kind":"plain","optional":true},"spark_conf":{"type":["map","string"],"description_kind":"plain","optional":true},"spark_env_vars":{"type":["map","string"],"description_kind":"plain","optional":true},"spark_version":{"type":"string","description_kind":"plain","required":true},"ssh_public_keys":{"type":["list","string"],"description_kind":"plain","optional":true}},"block_types":{"autoscale":{"nesting_mode":"list","block":{"attributes":{"max_workers":{"type":"number","description_kind":"plain","optional":true},"min_workers":{"type":"number","description_kind":"plain","optional":true}},"description_kind":"plain"},"max_items":1},"aws_attributes":{"nesting_mode":"list","block":{"attributes":{"availability":{"type":"string","description_kind":"plain","optional":true},"ebs_volume_count":{"type":"number","description_kind":"plain","optional":true},"ebs_volume_size":{"type":"number","description_kind":"plain","optional":true},"ebs_volume_type":{"type":"string","description_kind":"plain","optional":true},"first_on_demand":{"type":"number","description_kind":"plain","optional":true},"instance_profile_arn":{"type":"string","description_kind":"plain","optional":true},"spot_bid_price_percent":{"type":"number","description_kind":"plain","optional":true},"zone_id":{"type":"string","description_kind":"plain","optional":true}},"description_kind":"plain"},"max_items":1},"azure_attributes":{"nesting_mode":"list","block":{"attributes":{"availability":{"type":"string","description_kind":"plain","optional":true},"first_on_demand":{"type":"number","description_kind":"plain","optional":true},"spot_bid_max_price":{"type":"number","description_kind":"plain","optional":true}},"description_kind":"plain"},"max_items":1},"cluster_log_conf":{"nesting_mode":"list","block":{"block_types":{"dbfs":{"nesting_mode":"list","block":{"attributes":{"destination":{"type":"string","description_kind":"plain","required":true}},"description_kind":"plain"},"max_items":1},"s3":{"nesting_mode":"list","block":{"attributes":{"canned_acl":{"type":"string","description_kind":"plain","optional":true},"destination":{"type":"string","description_kind":"plain","required":true},"enable_encryption":{"type":"bool","description_kind":"plain","optional":true},"encryption_type":{"type":"string","description_kind":"plain","optional":true},"endpoint":{"type":"string","description_kind":"plain","optional":true},"kms_key":{"type":"string","description_kind":"plain","optional":true},"region":{"type":"string","description_kind":"plain","optional":true}},"description_kind":"plain"},"max_items":1}},"description_kind":"plain"},"max_items":1},"cluster_mount_info":{"nesting_mode":"list","block":{"attributes":{"local_mount_dir_path":{"type":"string","description_kind":"plain","required":true},"remote_mount_dir_path":{"type":"string","description_kind":"plain","optional":true}},"block_types":{"network_filesystem_info":{"nesting_mode":"list","block":{"attributes":{"mount_options":{"type":"string","description_kind":"plain","optional":true},"server_address":{"type":"string","description_kind":"plain","required":true}},"description_kind":"plain"},"min_items":1,"max_items":1}},"description_kind":"plain"}},"docker_image":{"nesting_mode":"list","block":{"attributes":{"url":{"type":"string","description_kind":"plain","required":true}},"block_types":{"basic_auth":{"nesting_mode":"list","block":{"attributes":{"password":{"type":"string","description_kind":"plain","required":true,"sensitive":true},"username":{"type":"string","description_kind":"plain","required":true}},"description_kind":"plain"},"max_items":1}},"description_kind":"plain"},"max_items":1},"gcp_attributes":{"nesting_mode":"list","block":{"attributes":{"availability":{"type":"string","description_kind":"plain","optional":true},"boot_disk_size":{"type":"number","description_kind":"plain","optional":true},"google_service_account":{"type":"string","description_kind":"plain","optional":true},"use_preemptible_executors":{"type":"bool","description_kind":"plain","optional":true},"zone_id":{"type":"string","description_kind":"plain","optional":true}},"description_kind":"plain"},"max_items":1},"init_scripts":{"nesting_mode":"list","block":{"block_types":{"abfss":{"nesting_mode":"list","block":{"attributes":{"destination":{"type":"string","description_kind":"plain","optional":true}},"description_kind":"plain"},"max_items":1},"dbfs":{"nesting_mode":"list","block":{"attributes":{"destination":{"type":"string","description_kind":"plain","required":true}},"description_kind":"plain"},"max_items":1},"file":{"nesting_mode":"list","block":{"attributes":{"destination":{"type":"string","description_kind":"plain","optional":true}},"description_kind":"plain"},"max_items":1},"gcs":{"nesting_mode":"list","block":{"attributes":{"destination":{"type":"string","description_kind":"plain","optional":true}},"description_kind":"plain"},"max_items":1},"s3":{"nesting_mode":"list","block":{"attributes":{"canned_acl":{"type":"string","description_kind":"plain","optional":true},"destination":{"type":"string","description_kind":"plain","required":true},"enable_encryption":{"type":"bool","description_kind":"plain","optional":true},"encryption_type":{"type":"string","description_kind":"plain","optional":true},"endpoint":{"type":"string","description_kind":"plain","optional":true},"kms_key":{"type":"string","description_kind":"plain","optional":true},"region":{"type":"string","description_kind":"plain","optional":true}},"description_kind":"plain"},"max_items":1}},"description_kind":"plain"},"max_items":10},"workload_type":{"nesting_mode":"list","block":{"block_types":{"clients":{"nesting_mode":"list","block":{"attributes":{"jobs":{"type":"bool","description_kind":"plain","optional":true},"notebooks":{"type":"bool","description_kind":"plain","optional":true}},"description_kind":"plain"},"min_items":1,"max_items":1}},"description_kind":"plain"},"max_items":1}},"description_kind":"plain"},"max_items":1},"notebook_task":{"nesting_mode":"list","block":{"attributes":{"base_parameters":{"type":["map","string"],"description_kind":"plain","optional":true},"notebook_path":{"type":"string","description_kind":"plain","required":true},"source":{"type":"string","description_kind":"plain","optional":true}},"description_kind":"plain"},"max_items":1},"pipeline_task":{"nesting_mode":"list","block":{"attributes":{"pipeline_id":{"type":"string","description_kind":"plain","required":true}},"description_kind":"plain"},"max_items":1},"python_wheel_task":{"nesting_mode":"list","block":{"attributes":{"entry_point":{"type":"string","description_kind":"plain","optional":true},"named_parameters":{"type":["map","string"],"description_kind":"plain","optional":true},"package_name":{"type":"string","description_kind":"plain","optional":true},"parameters":{"type":["list","string"],"description_kind":"plain","optional":true}},"description_kind":"plain"},"max_items":1},"spark_jar_task":{"nesting_mode":"list","block":{"attributes":{"jar_uri":{"type":"string","description_kind":"plain","optional":true},"main_class_name":{"type":"string","description_kind":"plain","optional":true},"parameters":{"type":["list","string"],"description_kind":"plain","optional":true}},"description_kind":"plain"},"max_items":1},"spark_python_task":{"nesting_mode":"list","block":{"attributes":{"parameters":{"type":["list","string"],"description_kind":"plain","optional":true},"python_file":{"type":"string","description_kind":"plain","required":true}},"description_kind":"plain"},"max_items":1},"spark_submit_task":{"nesting_mode":"list","block":{"attributes":{"parameters":{"type":["list","string"],"description_kind":"plain","optional":true}},"description_kind":"plain"},"max_items":1},"sql_task":{"nesting_mode":"list","block":{"attributes":{"parameters":{"type":["map","string"],"description_kind":"plain","optional":true},"warehouse_id":{"type":"string","description_kind":"plain","optional":true}},"block_types":{"alert":{"nesting_mode":"list","block":{"attributes":{"alert_id":{"type":"string","description_kind":"plain","required":true}},"description_kind":"plain"},"max_items":1},"dashboard":{"nesting_mode":"list","block":{"attributes":{"dashboard_id":{"type":"string","description_kind":"plain","required":true}},"description_kind":"plain"},"max_items":1},"query":{"nesting_mode":"list","block":{"attributes":{"query_id":{"type":"string","description_kind":"plain","required":true}},"description_kind":"plain"},"max_items":1}},"description_kind":"plain"},"max_items":1}},"description_kind":"plain"}},"timeouts":{"nesting_mode":"single","block":{"attributes":{"create":{"type":"string","description_kind":"plain","optional":true},"update":{"type":"string","description_kind":"plain","optional":true}},"description_kind":"plain"}},"webhook_notifications":{"nesting_mode":"list","block":{"block_types":{"on_failure":{"nesting_mode":"list","block":{"attributes":{"id":{"type":"string","description_kind":"plain","required":true}},"description_kind":"plain"}},"on_start":{"nesting_mode":"list","block":{"attributes":{"id":{"type":"string","description_kind":"plain","required":true}},"description_kind":"plain"}},"on_success":{"nesting_mode":"list","block":{"attributes":{"id":{"type":"string","description_kind":"plain","required":true}},"description_kind":"plain"}}},"description_kind":"plain"},"max_items":1}},"description_kind":"plain"}},"databricks_library":{"version":0,"block":{"attributes":{"cluster_id":{"type":"string","description_kind":"plain","required":true},"egg":{"type":"string","description_kind":"plain","optional":true},"id":{"type":"string","description_kind":"plain","optional":true,"computed":true},"jar":{"type":"string","description_kind":"plain","optional":true},"whl":{"type":"string","description_kind":"plain","optional":true}},"block_types":{"cran":{"nesting_mode":"list","block":{"attributes":{"package":{"type":"string","description_kind":"plain","required":true},"repo":{"type":"string","description_kind":"plain","optional":true}},"description_kind":"plain"},"max_items":1},"maven":{"nesting_mode":"list","block":{"attributes":{"coordinates":{"type":"string","description_kind":"plain","required":true},"exclusions":{"type":["list","string"],"description_kind":"plain","optional":true},"repo":{"type":"string","description_kind":"plain","optional":true}},"description_kind":"plain"},"max_items":1},"pypi":{"nesting_mode":"list","block":{"attributes":{"package":{"type":"string","description_kind":"plain","required":true},"repo":{"type":"string","description_kind":"plain","optional":true}},"description_kind":"plain"},"max_items":1}},"description_kind":"plain"}},"databricks_metastore":{"version":0,"block":{"attributes":{"cloud":{"type":"string","description_kind":"plain","optional":true,"computed":true},"created_at":{"type":"number","description_kind":"plain","optional":true,"computed":true},"created_by":{"type":"string","description_kind":"plain","optional":true,"computed":true},"default_data_access_config_id":{"type":"string","description_kind":"plain","optional":true},"delta_sharing_organization_name":{"type":"string","description_kind":"plain","optional":true},"delta_sharing_recipient_token_lifetime_in_seconds":{"type":"number","description_kind":"plain","optional":true},"delta_sharing_scope":{"type":"string","description_kind":"plain","optional":true},"force_destroy":{"type":"bool","description_kind":"plain","optional":true},"global_metastore_id":{"type":"string","description_kind":"plain","optional":true,"computed":true},"id":{"type":"string","description_kind":"plain","optional":true,"computed":true},"name":{"type":"string","description_kind":"plain","required":true},"owner":{"type":"string","description_kind":"plain","optional":true,"computed":true},"region":{"type":"string","description_kind":"plain","optional":true,"computed":true},"storage_root":{"type":"string","description_kind":"plain","required":true},"updated_at":{"type":"number","description_kind":"plain","optional":true,"computed":true},"updated_by":{"type":"string","description_kind":"plain","optional":true,"computed":true}},"description_kind":"plain"}},"databricks_metastore_assignment":{"version":0,"block":{"attributes":{"default_catalog_name":{"type":"string","description_kind":"plain","optional":true},"id":{"type":"string","description_kind":"plain","optional":true,"computed":true},"metastore_id":{"type":"string","description_kind":"plain","required":true},"workspace_id":{"type":"number","description_kind":"plain","required":true}},"description_kind":"plain"}},"databricks_metastore_data_access":{"version":0,"block":{"attributes":{"configuration_type":{"type":"string","description_kind":"plain","optional":true,"computed":true},"id":{"type":"string","description_kind":"plain","optional":true,"computed":true},"is_default":{"type":"bool","description_kind":"plain","optional":true},"metastore_id":{"type":"string","description_kind":"plain","required":true},"name":{"type":"string","description_kind":"plain","required":true}},"block_types":{"aws_iam_role":{"nesting_mode":"list","block":{"attributes":{"role_arn":{"type":"string","description_kind":"plain","required":true}},"description_kind":"plain"},"max_items":1},"azure_managed_identity":{"nesting_mode":"list","block":{"attributes":{"access_connector_id":{"type":"string","description_kind":"plain","required":true}},"description_kind":"plain"},"max_items":1},"azure_service_principal":{"nesting_mode":"list","block":{"attributes":{"application_id":{"type":"string","description_kind":"plain","required":true},"client_secret":{"type":"string","description_kind":"plain","required":true,"sensitive":true},"directory_id":{"type":"string","description_kind":"plain","required":true}},"description_kind":"plain"},"max_items":1},"gcp_service_account_key":{"nesting_mode":"list","block":{"attributes":{"email":{"type":"string","description_kind":"plain","required":true},"private_key":{"type":"string","description_kind":"plain","required":true,"sensitive":true},"private_key_id":{"type":"string","description_kind":"plain","required":true}},"description_kind":"plain"},"max_items":1}},"description_kind":"plain"}},"databricks_mlflow_experiment":{"version":0,"block":{"attributes":{"artifact_location":{"type":"string","description_kind":"plain","optional":true},"creation_time":{"type":"number","description_kind":"plain","optional":true,"computed":true},"description":{"type":"string","description_kind":"plain","optional":true},"experiment_id":{"type":"string","description_kind":"plain","optional":true,"computed":true},"id":{"type":"string","description_kind":"plain","optional":true,"computed":true},"last_update_time":{"type":"number","description_kind":"plain","optional":true,"computed":true},"lifecycle_stage":{"type":"string","description_kind":"plain","optional":true,"computed":true},"name":{"type":"string","description_kind":"plain","required":true}},"block_types":{"timeouts":{"nesting_mode":"single","block":{"description_kind":"plain"}}},"description_kind":"plain"}},"databricks_mlflow_model":{"version":0,"block":{"attributes":{"creation_timestamp":{"type":"number","description_kind":"plain","optional":true,"computed":true},"description":{"type":"string","description_kind":"plain","optional":true},"id":{"type":"string","description_kind":"plain","optional":true,"computed":true},"last_updated_timestamp":{"type":"number","description_kind":"plain","optional":true,"computed":true},"name":{"type":"string","description_kind":"plain","required":true},"registered_model_id":{"type":"string","description_kind":"plain","optional":true,"computed":true},"user_id":{"type":"string","description_kind":"plain","optional":true,"computed":true}},"block_types":{"tags":{"nesting_mode":"list","block":{"attributes":{"key":{"type":"string","description_kind":"plain","required":true},"value":{"type":"string","description_kind":"plain","required":true}},"description_kind":"plain"}}},"description_kind":"plain"}},"databricks_mlflow_webhook":{"version":0,"block":{"attributes":{"description":{"type":"string","description_kind":"plain","optional":true},"events":{"type":["list","string"],"description_kind":"plain","required":true},"id":{"type":"string","description_kind":"plain","optional":true,"computed":true},"model_name":{"type":"string","description_kind":"plain","optional":true},"status":{"type":"string","description_kind":"plain","optional":true}},"block_types":{"http_url_spec":{"nesting_mode":"list","block":{"attributes":{"authorization":{"type":"string","description_kind":"plain","optional":true,"sensitive":true},"enable_ssl_verification":{"type":"bool","description_kind":"plain","optional":true},"secret":{"type":"string","description_kind":"plain","optional":true},"url":{"type":"string","description_kind":"plain","required":true}},"description_kind":"plain"},"max_items":1},"job_spec":{"nesting_mode":"list","block":{"attributes":{"access_token":{"type":"string","description_kind":"plain","required":true,"sensitive":true},"job_id":{"type":"string","description_kind":"plain","required":true},"workspace_url":{"type":"string","description_kind":"plain","optional":true}},"description_kind":"plain"},"max_items":1}},"description_kind":"plain"}},"databricks_mount":{"version":2,"block":{"attributes":{"cluster_id":{"type":"string","description_kind":"plain","optional":true,"computed":true},"encryption_type":{"type":"string","description_kind":"plain","optional":true},"extra_configs":{"type":["map","string"],"description_kind":"plain","optional":true},"id":{"type":"string","description_kind":"plain","optional":true,"computed":true},"name":{"type":"string","description_kind":"plain","optional":true,"computed":true},"resource_id":{"type":"string","description_kind":"plain","optional":true},"source":{"type":"string","description_kind":"plain","computed":true},"uri":{"type":"string","description_kind":"plain","optional":true}},"block_types":{"abfs":{"nesting_mode":"list","block":{"attributes":{"client_id":{"type":"string","description_kind":"plain","required":true},"client_secret_key":{"type":"string","description_kind":"plain","required":true},"client_secret_scope":{"type":"string","description_kind":"plain","required":true},"container_name":{"type":"string","description_kind":"plain","optional":true,"computed":true},"directory":{"type":"string","description_kind":"plain","optional":true},"initialize_file_system":{"type":"bool","description_kind":"plain","required":true},"storage_account_name":{"type":"string","description_kind":"plain","optional":true,"computed":true},"tenant_id":{"type":"string","description_kind":"plain","optional":true,"computed":true}},"description_kind":"plain"},"max_items":1},"adl":{"nesting_mode":"list","block":{"attributes":{"client_id":{"type":"string","description_kind":"plain","required":true},"client_secret_key":{"type":"string","description_kind":"plain","required":true},"client_secret_scope":{"type":"string","description_kind":"plain","required":true},"directory":{"type":"string","description_kind":"plain","optional":true},"spark_conf_prefix":{"type":"string","description_kind":"plain","optional":true},"storage_resource_name":{"type":"string","description_kind":"plain","optional":true,"computed":true},"tenant_id":{"type":"string","description_kind":"plain","optional":true,"computed":true}},"description_kind":"plain"},"max_items":1},"gs":{"nesting_mode":"list","block":{"attributes":{"bucket_name":{"type":"string","description_kind":"plain","required":true},"service_account":{"type":"string","description_kind":"plain","optional":true}},"description_kind":"plain"},"max_items":1},"s3":{"nesting_mode":"list","block":{"attributes":{"bucket_name":{"type":"string","description_kind":"plain","required":true},"instance_profile":{"type":"string","description_kind":"plain","optional":true}},"description_kind":"plain"},"max_items":1},"timeouts":{"nesting_mode":"single","block":{"attributes":{"default":{"type":"string","description_kind":"plain","optional":true}},"description_kind":"plain"}},"wasb":{"nesting_mode":"list","block":{"attributes":{"auth_type":{"type":"string","description_kind":"plain","required":true},"container_name":{"type":"string","description_kind":"plain","optional":true,"computed":true},"directory":{"type":"string","description_kind":"plain","optional":true},"storage_account_name":{"type":"string","description_kind":"plain","optional":true,"computed":true},"token_secret_key":{"type":"string","description_kind":"plain","required":true},"token_secret_scope":{"type":"string","description_kind":"plain","required":true}},"description_kind":"plain"},"max_items":1}},"description_kind":"plain"}},"databricks_mws_credentials":{"version":0,"block":{"attributes":{"account_id":{"type":"string","description_kind":"plain","required":true,"sensitive":true},"creation_time":{"type":"number","description_kind":"plain","computed":true},"credentials_id":{"type":"string","description_kind":"plain","computed":true},"credentials_name":{"type":"string","description_kind":"plain","required":true},"external_id":{"type":"string","description_kind":"plain","computed":true},"id":{"type":"string","description_kind":"plain","optional":true,"computed":true},"role_arn":{"type":"string","description_kind":"plain","required":true}},"description_kind":"plain"}},"databricks_mws_customer_managed_keys":{"version":1,"block":{"attributes":{"account_id":{"type":"string","description_kind":"plain","required":true},"creation_time":{"type":"number","description_kind":"plain","optional":true,"computed":true},"customer_managed_key_id":{"type":"string","description_kind":"plain","optional":true,"computed":true},"id":{"type":"string","description_kind":"plain","optional":true,"computed":true},"use_cases":{"type":["list","string"],"description_kind":"plain","required":true}},"block_types":{"aws_key_info":{"nesting_mode":"list","block":{"attributes":{"key_alias":{"type":"string","description_kind":"plain","required":true},"key_arn":{"type":"string","description_kind":"plain","required":true},"key_region":{"type":"string","description_kind":"plain","optional":true,"computed":true}},"description_kind":"plain"},"min_items":1,"max_items":1}},"description_kind":"plain"}},"databricks_mws_log_delivery":{"version":0,"block":{"attributes":{"account_id":{"type":"string","description_kind":"plain","required":true},"config_id":{"type":"string","description_kind":"plain","optional":true,"computed":true},"config_name":{"type":"string","description_kind":"plain","optional":true},"credentials_id":{"type":"string","description_kind":"plain","required":true},"delivery_path_prefix":{"type":"string","description_kind":"plain","optional":true},"delivery_start_time":{"type":"string","description_kind":"plain","optional":true,"computed":true},"id":{"type":"string","description_kind":"plain","optional":true,"computed":true},"log_type":{"type":"string","description_kind":"plain","required":true},"output_format":{"type":"string","description_kind":"plain","required":true},"status":{"type":"string","description_kind":"plain","optional":true,"computed":true},"storage_configuration_id":{"type":"string","description_kind":"plain","required":true},"workspace_ids_filter":{"type":["list","number"],"description_kind":"plain","optional":true}},"description_kind":"plain"}},"databricks_mws_networks":{"version":0,"block":{"attributes":{"account_id":{"type":"string","description_kind":"plain","required":true,"sensitive":true},"creation_time":{"type":"number","description_kind":"plain","optional":true,"computed":true},"id":{"type":"string","description_kind":"plain","optional":true,"computed":true},"network_id":{"type":"string","description_kind":"plain","optional":true,"computed":true},"network_name":{"type":"string","description_kind":"plain","required":true},"security_group_ids":{"type":["set","string"],"description_kind":"plain","optional":true},"subnet_ids":{"type":["set","string"],"description_kind":"plain","optional":true},"vpc_id":{"type":"string","description_kind":"plain","optional":true},"vpc_status":{"type":"string","description_kind":"plain","optional":true,"computed":true},"workspace_id":{"type":"number","description_kind":"plain","optional":true,"computed":true}},"block_types":{"error_messages":{"nesting_mode":"list","block":{"attributes":{"error_message":{"type":"string","description_kind":"plain","optional":true},"error_type":{"type":"string","description_kind":"plain","optional":true}},"description_kind":"plain"}},"gcp_network_info":{"nesting_mode":"list","block":{"attributes":{"network_project_id":{"type":"string","description_kind":"plain","required":true},"pod_ip_range_name":{"type":"string","description_kind":"plain","required":true},"service_ip_range_name":{"type":"string","description_kind":"plain","required":true},"subnet_id":{"type":"string","description_kind":"plain","required":true},"subnet_region":{"type":"string","description_kind":"plain","required":true},"vpc_id":{"type":"string","description_kind":"plain","required":true}},"description_kind":"plain"},"max_items":1},"vpc_endpoints":{"nesting_mode":"list","block":{"attributes":{"dataplane_relay":{"type":["set","string"],"description_kind":"plain","required":true},"rest_api":{"type":["set","string"],"description_kind":"plain","required":true}},"description_kind":"plain"},"max_items":1}},"description_kind":"plain"}},"databricks_mws_permission_assignment":{"version":0,"block":{"attributes":{"id":{"type":"string","description_kind":"plain","optional":true,"computed":true},"permissions":{"type":["list","string"],"description_kind":"plain","required":true},"principal_id":{"type":"number","description_kind":"plain","required":true},"workspace_id":{"type":"number","description_kind":"plain","required":true}},"description_kind":"plain"}},"databricks_mws_private_access_settings":{"version":0,"block":{"attributes":{"account_id":{"type":"string","description_kind":"plain","optional":true},"allowed_vpc_endpoint_ids":{"type":["list","string"],"description_kind":"plain","optional":true},"id":{"type":"string","description_kind":"plain","optional":true,"computed":true},"private_access_level":{"type":"string","description_kind":"plain","optional":true},"private_access_settings_id":{"type":"string","description_kind":"plain","optional":true,"computed":true},"private_access_settings_name":{"type":"string","description_kind":"plain","required":true},"public_access_enabled":{"type":"bool","description_kind":"plain","optional":true},"region":{"type":"string","description_kind":"plain","required":true},"status":{"type":"string","description_kind":"plain","optional":true,"computed":true}},"description_kind":"plain"}},"databricks_mws_storage_configurations":{"version":0,"block":{"attributes":{"account_id":{"type":"string","description_kind":"plain","required":true,"sensitive":true},"bucket_name":{"type":"string","description_kind":"plain","required":true},"creation_time":{"type":"number","description_kind":"plain","computed":true},"id":{"type":"string","description_kind":"plain","optional":true,"computed":true},"storage_configuration_id":{"type":"string","description_kind":"plain","computed":true},"storage_configuration_name":{"type":"string","description_kind":"plain","required":true}},"description_kind":"plain"}},"databricks_mws_vpc_endpoint":{"version":0,"block":{"attributes":{"account_id":{"type":"string","description_kind":"plain","optional":true},"aws_account_id":{"type":"string","description_kind":"plain","optional":true,"computed":true},"aws_endpoint_service_id":{"type":"string","description_kind":"plain","optional":true,"computed":true},"aws_vpc_endpoint_id":{"type":"string","description_kind":"plain","required":true},"id":{"type":"string","description_kind":"plain","optional":true,"computed":true},"region":{"type":"string","description_kind":"plain","required":true},"state":{"type":"string","description_kind":"plain","optional":true,"computed":true},"use_case":{"type":"string","description_kind":"plain","optional":true,"computed":true},"vpc_endpoint_id":{"type":"string","description_kind":"plain","optional":true,"computed":true},"vpc_endpoint_name":{"type":"string","description_kind":"plain","required":true}},"description_kind":"plain"}},"databricks_mws_workspaces":{"version":3,"block":{"attributes":{"account_id":{"type":"string","description_kind":"plain","required":true,"sensitive":true},"aws_region":{"type":"string","description_kind":"plain","optional":true},"cloud":{"type":"string","description_kind":"plain","optional":true,"computed":true},"creation_time":{"type":"number","description_kind":"plain","optional":true,"computed":true},"credentials_id":{"type":"string","description_kind":"plain","optional":true},"customer_managed_key_id":{"type":"string","description_kind":"plain","deprecated":true,"optional":true},"deployment_name":{"type":"string","description_kind":"plain","optional":true},"id":{"type":"string","description_kind":"plain","optional":true,"computed":true},"is_no_public_ip_enabled":{"type":"bool","description_kind":"plain","optional":true},"location":{"type":"string","description_kind":"plain","optional":true},"managed_services_customer_managed_key_id":{"type":"string","description_kind":"plain","optional":true},"network_id":{"type":"string","description_kind":"plain","optional":true},"pricing_tier":{"type":"string","description_kind":"plain","optional":true,"computed":true},"private_access_settings_id":{"type":"string","description_kind":"plain","optional":true},"storage_configuration_id":{"type":"string","description_kind":"plain","optional":true},"storage_customer_managed_key_id":{"type":"string","description_kind":"plain","optional":true},"workspace_id":{"type":"number","description_kind":"plain","optional":true,"computed":true},"workspace_name":{"type":"string","description_kind":"plain","required":true},"workspace_status":{"type":"string","description_kind":"plain","optional":true,"computed":true},"workspace_status_message":{"type":"string","description_kind":"plain","optional":true,"computed":true},"workspace_url":{"type":"string","description_kind":"plain","optional":true,"computed":true}},"block_types":{"cloud_resource_container":{"nesting_mode":"list","block":{"block_types":{"gcp":{"nesting_mode":"list","block":{"attributes":{"project_id":{"type":"string","description_kind":"plain","required":true}},"description_kind":"plain"},"min_items":1,"max_items":1}},"description_kind":"plain"},"max_items":1},"external_customer_info":{"nesting_mode":"list","block":{"attributes":{"authoritative_user_email":{"type":"string","description_kind":"plain","required":true},"authoritative_user_full_name":{"type":"string","description_kind":"plain","required":true},"customer_name":{"type":"string","description_kind":"plain","required":true}},"description_kind":"plain"},"max_items":1},"gcp_managed_network_config":{"nesting_mode":"list","block":{"attributes":{"gke_cluster_pod_ip_range":{"type":"string","description_kind":"plain","required":true},"gke_cluster_service_ip_range":{"type":"string","description_kind":"plain","required":true},"subnet_cidr":{"type":"string","description_kind":"plain","required":true}},"description_kind":"plain"},"max_items":1},"gke_config":{"nesting_mode":"list","block":{"attributes":{"connectivity_type":{"type":"string","description_kind":"plain","required":true},"master_ip_range":{"type":"string","description_kind":"plain","required":true}},"description_kind":"plain"},"max_items":1},"timeouts":{"nesting_mode":"single","block":{"attributes":{"create":{"type":"string","description_kind":"plain","optional":true},"read":{"type":"string","description_kind":"plain","optional":true},"update":{"type":"string","description_kind":"plain","optional":true}},"description_kind":"plain"}},"token":{"nesting_mode":"list","block":{"attributes":{"comment":{"type":"string","description_kind":"plain","optional":true},"lifetime_seconds":{"type":"number","description_kind":"plain","optional":true},"token_id":{"type":"string","description_kind":"plain","optional":true,"computed":true},"token_value":{"type":"string","description_kind":"plain","optional":true,"computed":true,"sensitive":true}},"description_kind":"plain"},"max_items":1}},"description_kind":"plain"}},"databricks_notebook":{"version":1,"block":{"attributes":{"content_base64":{"type":"string","description_kind":"plain","optional":true},"format":{"type":"string","description_kind":"plain","optional":true},"id":{"type":"string","description_kind":"plain","optional":true,"computed":true},"language":{"type":"string","description_kind":"plain","optional":true},"md5":{"type":"string","description_kind":"plain","optional":true},"object_id":{"type":"number","description_kind":"plain","deprecated":true,"optional":true,"computed":true},"object_type":{"type":"string","description_kind":"plain","deprecated":true,"optional":true,"computed":true},"path":{"type":"string","description_kind":"plain","required":true},"source":{"type":"string","description_kind":"plain","optional":true},"url":{"type":"string","description_kind":"plain","computed":true}},"description_kind":"plain"}},"databricks_obo_token":{"version":0,"block":{"attributes":{"application_id":{"type":"string","description_kind":"plain","required":true},"comment":{"type":"string","description_kind":"plain","optional":true},"id":{"type":"string","description_kind":"plain","optional":true,"computed":true},"lifetime_seconds":{"type":"number","description_kind":"plain","optional":true},"token_value":{"type":"string","description_kind":"plain","computed":true,"sensitive":true}},"description_kind":"plain"}},"databricks_permission_assignment":{"version":0,"block":{"attributes":{"id":{"type":"string","description_kind":"plain","optional":true,"computed":true},"permissions":{"type":["list","string"],"description_kind":"plain","required":true},"principal_id":{"type":"number","description_kind":"plain","required":true}},"description_kind":"plain"}},"databricks_permissions":{"version":0,"block":{"attributes":{"authorization":{"type":"string","description_kind":"plain","optional":true},"cluster_id":{"type":"string","description_kind":"plain","optional":true},"cluster_policy_id":{"type":"string","description_kind":"plain","optional":true},"directory_id":{"type":"string","description_kind":"plain","optional":true},"directory_path":{"type":"string","description_kind":"plain","optional":true},"experiment_id":{"type":"string","description_kind":"plain","optional":true},"id":{"type":"string","description_kind":"plain","optional":true,"computed":true},"instance_pool_id":{"type":"string","description_kind":"plain","optional":true},"job_id":{"type":"string","description_kind":"plain","optional":true},"notebook_id":{"type":"string","description_kind":"plain","optional":true},"notebook_path":{"type":"string","description_kind":"plain","optional":true},"object_type":{"type":"string","description_kind":"plain","optional":true,"computed":true},"pipeline_id":{"type":"string","description_kind":"plain","optional":true},"registered_model_id":{"type":"string","description_kind":"plain","optional":true},"repo_id":{"type":"string","description_kind":"plain","optional":true},"repo_path":{"type":"string","description_kind":"plain","optional":true},"sql_alert_id":{"type":"string","description_kind":"plain","optional":true},"sql_dashboard_id":{"type":"string","description_kind":"plain","optional":true},"sql_endpoint_id":{"type":"string","description_kind":"plain","optional":true},"sql_query_id":{"type":"string","description_kind":"plain","optional":true}},"block_types":{"access_control":{"nesting_mode":"set","block":{"attributes":{"group_name":{"type":"string","description_kind":"plain","optional":true},"permission_level":{"type":"string","description_kind":"plain","required":true},"service_principal_name":{"type":"string","description_kind":"plain","optional":true},"user_name":{"type":"string","description_kind":"plain","optional":true}},"description_kind":"plain"},"min_items":1}},"description_kind":"plain"}},"databricks_pipeline":{"version":0,"block":{"attributes":{"allow_duplicate_names":{"type":"bool","description_kind":"plain","optional":true},"catalog":{"type":"string","description_kind":"plain","optional":true},"channel":{"type":"string","description_kind":"plain","optional":true},"configuration":{"type":["map","string"],"description_kind":"plain","optional":true},"continuous":{"type":"bool","description_kind":"plain","optional":true},"development":{"type":"bool","description_kind":"plain","optional":true},"edition":{"type":"string","description_kind":"plain","optional":true},"id":{"type":"string","description_kind":"plain","optional":true,"computed":true},"name":{"type":"string","description_kind":"plain","optional":true},"photon":{"type":"bool","description_kind":"plain","optional":true},"storage":{"type":"string","description_kind":"plain","optional":true},"target":{"type":"string","description_kind":"plain","optional":true},"url":{"type":"string","description_kind":"plain","computed":true}},"block_types":{"cluster":{"nesting_mode":"list","block":{"attributes":{"apply_policy_default_values":{"type":"bool","description_kind":"plain","optional":true},"custom_tags":{"type":["map","string"],"description_kind":"plain","optional":true},"driver_instance_pool_id":{"type":"string","description_kind":"plain","optional":true},"driver_node_type_id":{"type":"string","description_kind":"plain","optional":true,"computed":true},"enable_local_disk_encryption":{"type":"bool","description_kind":"plain","optional":true,"computed":true},"instance_pool_id":{"type":"string","description_kind":"plain","optional":true},"label":{"type":"string","description_kind":"plain","optional":true},"node_type_id":{"type":"string","description_kind":"plain","optional":true,"computed":true},"num_workers":{"type":"number","description_kind":"plain","optional":true},"policy_id":{"type":"string","description_kind":"plain","optional":true},"spark_conf":{"type":["map","string"],"description_kind":"plain","optional":true},"spark_env_vars":{"type":["map","string"],"description_kind":"plain","optional":true},"ssh_public_keys":{"type":["list","string"],"description_kind":"plain","optional":true}},"block_types":{"autoscale":{"nesting_mode":"list","block":{"attributes":{"max_workers":{"type":"number","description_kind":"plain","optional":true},"min_workers":{"type":"number","description_kind":"plain","optional":true},"mode":{"type":"string","description_kind":"plain","optional":true}},"description_kind":"plain"},"max_items":1},"aws_attributes":{"nesting_mode":"list","block":{"attributes":{"availability":{"type":"string","description_kind":"plain","optional":true},"ebs_volume_count":{"type":"number","description_kind":"plain","optional":true},"ebs_volume_size":{"type":"number","description_kind":"plain","optional":true},"ebs_volume_type":{"type":"string","description_kind":"plain","optional":true},"first_on_demand":{"type":"number","description_kind":"plain","optional":true},"instance_profile_arn":{"type":"string","description_kind":"plain","optional":true},"spot_bid_price_percent":{"type":"number","description_kind":"plain","optional":true},"zone_id":{"type":"string","description_kind":"plain","optional":true}},"description_kind":"plain"},"max_items":1},"azure_attributes":{"nesting_mode":"list","block":{"attributes":{"availability":{"type":"string","description_kind":"plain","optional":true},"first_on_demand":{"type":"number","description_kind":"plain","optional":true},"spot_bid_max_price":{"type":"number","description_kind":"plain","optional":true}},"description_kind":"plain"},"max_items":1},"cluster_log_conf":{"nesting_mode":"list","block":{"block_types":{"dbfs":{"nesting_mode":"list","block":{"attributes":{"destination":{"type":"string","description_kind":"plain","required":true}},"description_kind":"plain"},"max_items":1},"s3":{"nesting_mode":"list","block":{"attributes":{"canned_acl":{"type":"string","description_kind":"plain","optional":true},"destination":{"type":"string","description_kind":"plain","required":true},"enable_encryption":{"type":"bool","description_kind":"plain","optional":true},"encryption_type":{"type":"string","description_kind":"plain","optional":true},"endpoint":{"type":"string","description_kind":"plain","optional":true},"kms_key":{"type":"string","description_kind":"plain","optional":true},"region":{"type":"string","description_kind":"plain","optional":true}},"description_kind":"plain"},"max_items":1}},"description_kind":"plain"},"max_items":1},"gcp_attributes":{"nesting_mode":"list","block":{"attributes":{"availability":{"type":"string","description_kind":"plain","optional":true},"google_service_account":{"type":"string","description_kind":"plain","optional":true},"zone_id":{"type":"string","description_kind":"plain","optional":true}},"description_kind":"plain"},"max_items":1},"init_scripts":{"nesting_mode":"list","block":{"block_types":{"abfss":{"nesting_mode":"list","block":{"attributes":{"destination":{"type":"string","description_kind":"plain","optional":true}},"description_kind":"plain"},"max_items":1},"dbfs":{"nesting_mode":"list","block":{"attributes":{"destination":{"type":"string","description_kind":"plain","required":true}},"description_kind":"plain"},"max_items":1},"file":{"nesting_mode":"list","block":{"attributes":{"destination":{"type":"string","description_kind":"plain","optional":true}},"description_kind":"plain"},"max_items":1},"gcs":{"nesting_mode":"list","block":{"attributes":{"destination":{"type":"string","description_kind":"plain","optional":true}},"description_kind":"plain"},"max_items":1},"s3":{"nesting_mode":"list","block":{"attributes":{"canned_acl":{"type":"string","description_kind":"plain","optional":true},"destination":{"type":"string","description_kind":"plain","required":true},"enable_encryption":{"type":"bool","description_kind":"plain","optional":true},"encryption_type":{"type":"string","description_kind":"plain","optional":true},"endpoint":{"type":"string","description_kind":"plain","optional":true},"kms_key":{"type":"string","description_kind":"plain","optional":true},"region":{"type":"string","description_kind":"plain","optional":true}},"description_kind":"plain"},"max_items":1}},"description_kind":"plain"},"max_items":10}},"description_kind":"plain"}},"filters":{"nesting_mode":"list","block":{"attributes":{"exclude":{"type":["list","string"],"description_kind":"plain","optional":true},"include":{"type":["list","string"],"description_kind":"plain","optional":true}},"description_kind":"plain"},"max_items":1},"library":{"nesting_mode":"set","block":{"attributes":{"jar":{"type":"string","description_kind":"plain","optional":true},"whl":{"type":"string","description_kind":"plain","optional":true}},"block_types":{"file":{"nesting_mode":"list","block":{"attributes":{"path":{"type":"string","description_kind":"plain","required":true}},"description_kind":"plain"},"max_items":1},"maven":{"nesting_mode":"list","block":{"attributes":{"coordinates":{"type":"string","description_kind":"plain","required":true},"exclusions":{"type":["list","string"],"description_kind":"plain","optional":true},"repo":{"type":"string","description_kind":"plain","optional":true}},"description_kind":"plain"},"max_items":1},"notebook":{"nesting_mode":"list","block":{"attributes":{"path":{"type":"string","description_kind":"plain","required":true}},"description_kind":"plain"},"max_items":1}},"description_kind":"plain"}},"timeouts":{"nesting_mode":"single","block":{"attributes":{"default":{"type":"string","description_kind":"plain","optional":true}},"description_kind":"plain"}}},"description_kind":"plain"}},"databricks_provider":{"version":0,"block":{"attributes":{"authentication_type":{"type":"string","description_kind":"plain","required":true},"comment":{"type":"string","description_kind":"plain","optional":true},"id":{"type":"string","description_kind":"plain","optional":true,"computed":true},"name":{"type":"string","description_kind":"plain","required":true},"recipient_profile_str":{"type":"string","description_kind":"plain","required":true,"sensitive":true}},"description_kind":"plain"}},"databricks_recipient":{"version":0,"block":{"attributes":{"authentication_type":{"type":"string","description_kind":"plain","required":true},"comment":{"type":"string","description_kind":"plain","optional":true},"data_recipient_global_metastore_id":{"type":"string","description_kind":"plain","optional":true},"id":{"type":"string","description_kind":"plain","optional":true,"computed":true},"name":{"type":"string","description_kind":"plain","required":true},"sharing_code":{"type":"string","description_kind":"plain","optional":true,"sensitive":true}},"block_types":{"ip_access_list":{"nesting_mode":"list","block":{"attributes":{"allowed_ip_addresses":{"type":["list","string"],"description_kind":"plain","required":true}},"description_kind":"plain"},"max_items":1},"tokens":{"nesting_mode":"list","block":{"attributes":{"activation_url":{"type":"string","description_kind":"plain","optional":true,"computed":true},"created_at":{"type":"number","description_kind":"plain","optional":true,"computed":true},"created_by":{"type":"string","description_kind":"plain","optional":true,"computed":true},"expiration_time":{"type":"number","description_kind":"plain","optional":true,"computed":true},"id":{"type":"string","description_kind":"plain","optional":true,"computed":true},"updated_at":{"type":"number","description_kind":"plain","optional":true,"computed":true},"updated_by":{"type":"string","description_kind":"plain","optional":true,"computed":true}},"description_kind":"plain"}}},"description_kind":"plain"}},"databricks_repo":{"version":1,"block":{"attributes":{"branch":{"type":"string","description_kind":"plain","optional":true,"computed":true},"commit_hash":{"type":"string","description_kind":"plain","optional":true,"computed":true},"git_provider":{"type":"string","description_kind":"plain","optional":true,"computed":true},"id":{"type":"string","description_kind":"plain","optional":true,"computed":true},"path":{"type":"string","description_kind":"plain","optional":true,"computed":true},"tag":{"type":"string","description_kind":"plain","optional":true},"url":{"type":"string","description_kind":"plain","required":true}},"block_types":{"sparse_checkout":{"nesting_mode":"list","block":{"attributes":{"patterns":{"type":["list","string"],"description_kind":"plain","required":true}},"description_kind":"plain"},"max_items":1}},"description_kind":"plain"}},"databricks_schema":{"version":0,"block":{"attributes":{"catalog_name":{"type":"string","description_kind":"plain","required":true},"comment":{"type":"string","description_kind":"plain","optional":true},"force_destroy":{"type":"bool","description_kind":"plain","optional":true},"id":{"type":"string","description_kind":"plain","optional":true,"computed":true},"metastore_id":{"type":"string","description_kind":"plain","optional":true,"computed":true},"name":{"type":"string","description_kind":"plain","required":true},"owner":{"type":"string","description_kind":"plain","optional":true,"computed":true},"properties":{"type":["map","string"],"description_kind":"plain","optional":true},"storage_root":{"type":"string","description_kind":"plain","optional":true}},"description_kind":"plain"}},"databricks_secret":{"version":0,"block":{"attributes":{"config_reference":{"type":"string","description_kind":"plain","computed":true},"id":{"type":"string","description_kind":"plain","optional":true,"computed":true},"key":{"type":"string","description_kind":"plain","required":true},"last_updated_timestamp":{"type":"number","description_kind":"plain","computed":true},"scope":{"type":"string","description_kind":"plain","required":true},"string_value":{"type":"string","description_kind":"plain","required":true,"sensitive":true}},"description_kind":"plain"}},"databricks_secret_acl":{"version":0,"block":{"attributes":{"id":{"type":"string","description_kind":"plain","optional":true,"computed":true},"permission":{"type":"string","description_kind":"plain","required":true},"principal":{"type":"string","description_kind":"plain","required":true},"scope":{"type":"string","description_kind":"plain","required":true}},"description_kind":"plain"}},"databricks_secret_scope":{"version":2,"block":{"attributes":{"backend_type":{"type":"string","description_kind":"plain","optional":true,"computed":true},"id":{"type":"string","description_kind":"plain","optional":true,"computed":true},"initial_manage_principal":{"type":"string","description_kind":"plain","optional":true},"name":{"type":"string","description_kind":"plain","required":true}},"block_types":{"keyvault_metadata":{"nesting_mode":"list","block":{"attributes":{"dns_name":{"type":"string","description_kind":"plain","required":true},"resource_id":{"type":"string","description_kind":"plain","required":true}},"description_kind":"plain"},"max_items":1}},"description_kind":"plain"}},"databricks_service_principal":{"version":0,"block":{"attributes":{"active":{"type":"bool","description_kind":"plain","optional":true},"allow_cluster_create":{"type":"bool","description_kind":"plain","optional":true},"allow_instance_pool_create":{"type":"bool","description_kind":"plain","optional":true},"application_id":{"type":"string","description_kind":"plain","optional":true,"computed":true},"databricks_sql_access":{"type":"bool","description_kind":"plain","optional":true},"display_name":{"type":"string","description_kind":"plain","optional":true,"computed":true},"external_id":{"type":"string","description_kind":"plain","optional":true},"force":{"type":"bool","description_kind":"plain","optional":true},"home":{"type":"string","description_kind":"plain","optional":true,"computed":true},"id":{"type":"string","description_kind":"plain","optional":true,"computed":true},"repos":{"type":"string","description_kind":"plain","optional":true,"computed":true},"workspace_access":{"type":"bool","description_kind":"plain","optional":true}},"description_kind":"plain"}},"databricks_service_principal_role":{"version":0,"block":{"attributes":{"id":{"type":"string","description_kind":"plain","optional":true,"computed":true},"role":{"type":"string","description_kind":"plain","required":true},"service_principal_id":{"type":"string","description_kind":"plain","required":true}},"description_kind":"plain"}},"databricks_service_principal_secret":{"version":0,"block":{"attributes":{"id":{"type":"string","description_kind":"plain","optional":true,"computed":true},"secret":{"type":"string","description_kind":"plain","optional":true,"computed":true,"sensitive":true},"service_principal_id":{"type":"string","description_kind":"plain","required":true},"status":{"type":"string","description_kind":"plain","optional":true,"computed":true}},"description_kind":"plain"}},"databricks_share":{"version":0,"block":{"attributes":{"created_at":{"type":"number","description_kind":"plain","optional":true,"computed":true},"created_by":{"type":"string","description_kind":"plain","optional":true,"computed":true},"id":{"type":"string","description_kind":"plain","optional":true,"computed":true},"name":{"type":"string","description_kind":"plain","required":true}},"block_types":{"object":{"nesting_mode":"set","block":{"attributes":{"added_at":{"type":"number","description_kind":"plain","optional":true,"computed":true},"added_by":{"type":"string","description_kind":"plain","optional":true,"computed":true},"comment":{"type":"string","description_kind":"plain","optional":true},"data_object_type":{"type":"string","description_kind":"plain","required":true},"name":{"type":"string","description_kind":"plain","required":true},"shared_as":{"type":"string","description_kind":"plain","optional":true,"computed":true}},"description_kind":"plain"}}},"description_kind":"plain"}},"databricks_sql_dashboard":{"version":0,"block":{"attributes":{"id":{"type":"string","description_kind":"plain","optional":true,"computed":true},"name":{"type":"string","description_kind":"plain","required":true},"parent":{"type":"string","description_kind":"plain","optional":true},"tags":{"type":["list","string"],"description_kind":"plain","optional":true}},"description_kind":"plain"}},"databricks_sql_endpoint":{"version":0,"block":{"attributes":{"auto_stop_mins":{"type":"number","description_kind":"plain","optional":true},"cluster_size":{"type":"string","description_kind":"plain","required":true},"data_source_id":{"type":"string","description_kind":"plain","optional":true,"computed":true},"enable_photon":{"type":"bool","description_kind":"plain","optional":true},"enable_serverless_compute":{"type":"bool","description_kind":"plain","optional":true},"id":{"type":"string","description_kind":"plain","optional":true,"computed":true},"instance_profile_arn":{"type":"string","description_kind":"plain","optional":true},"jdbc_url":{"type":"string","description_kind":"plain","optional":true,"computed":true},"max_num_clusters":{"type":"number","description_kind":"plain","optional":true},"min_num_clusters":{"type":"number","description_kind":"plain","optional":true},"name":{"type":"string","description_kind":"plain","required":true},"num_clusters":{"type":"number","description_kind":"plain","optional":true},"spot_instance_policy":{"type":"string","description_kind":"plain","optional":true},"state":{"type":"string","description_kind":"plain","optional":true,"computed":true},"warehouse_type":{"type":"string","description_kind":"plain","optional":true}},"block_types":{"channel":{"nesting_mode":"list","block":{"attributes":{"name":{"type":"string","description_kind":"plain","optional":true}},"description_kind":"plain"},"max_items":1},"odbc_params":{"nesting_mode":"list","block":{"attributes":{"host":{"type":"string","description_kind":"plain","optional":true},"hostname":{"type":"string","description_kind":"plain","optional":true},"path":{"type":"string","description_kind":"plain","required":true},"port":{"type":"number","description_kind":"plain","required":true},"protocol":{"type":"string","description_kind":"plain","required":true}},"description_kind":"plain"},"max_items":1},"tags":{"nesting_mode":"list","block":{"block_types":{"custom_tags":{"nesting_mode":"list","block":{"attributes":{"key":{"type":"string","description_kind":"plain","required":true},"value":{"type":"string","description_kind":"plain","required":true}},"description_kind":"plain"},"min_items":1}},"description_kind":"plain"},"max_items":1},"timeouts":{"nesting_mode":"single","block":{"attributes":{"create":{"type":"string","description_kind":"plain","optional":true}},"description_kind":"plain"}}},"description_kind":"plain"}},"databricks_sql_global_config":{"version":0,"block":{"attributes":{"data_access_config":{"type":["map","string"],"description_kind":"plain","optional":true},"enable_serverless_compute":{"type":"bool","description_kind":"plain","optional":true},"id":{"type":"string","description_kind":"plain","optional":true,"computed":true},"instance_profile_arn":{"type":"string","description_kind":"plain","optional":true},"security_policy":{"type":"string","description_kind":"plain","optional":true},"sql_config_params":{"type":["map","string"],"description_kind":"plain","optional":true}},"description_kind":"plain"}},"databricks_sql_permissions":{"version":0,"block":{"attributes":{"anonymous_function":{"type":"bool","description_kind":"plain","optional":true},"any_file":{"type":"bool","description_kind":"plain","optional":true},"catalog":{"type":"bool","description_kind":"plain","optional":true},"cluster_id":{"type":"string","description_kind":"plain","optional":true,"computed":true},"database":{"type":"string","description_kind":"plain","optional":true},"id":{"type":"string","description_kind":"plain","optional":true,"computed":true},"table":{"type":"string","description_kind":"plain","optional":true},"view":{"type":"string","description_kind":"plain","optional":true}},"block_types":{"privilege_assignments":{"nesting_mode":"set","block":{"attributes":{"principal":{"type":"string","description_kind":"plain","required":true},"privileges":{"type":["set","string"],"description_kind":"plain","required":true}},"description_kind":"plain"}}},"description_kind":"plain"}},"databricks_sql_query":{"version":0,"block":{"attributes":{"data_source_id":{"type":"string","description_kind":"plain","required":true},"description":{"type":"string","description_kind":"plain","optional":true},"id":{"type":"string","description_kind":"plain","optional":true,"computed":true},"name":{"type":"string","description_kind":"plain","required":true},"parent":{"type":"string","description_kind":"plain","optional":true},"query":{"type":"string","description_kind":"plain","required":true},"run_as_role":{"type":"string","description_kind":"plain","optional":true},"tags":{"type":["list","string"],"description_kind":"plain","optional":true}},"block_types":{"parameter":{"nesting_mode":"list","block":{"attributes":{"name":{"type":"string","description_kind":"plain","required":true},"title":{"type":"string","description_kind":"plain","optional":true}},"block_types":{"date":{"nesting_mode":"list","block":{"attributes":{"value":{"type":"string","description_kind":"plain","required":true}},"description_kind":"plain"},"max_items":1},"date_range":{"nesting_mode":"list","block":{"attributes":{"value":{"type":"string","description_kind":"plain","optional":true}},"block_types":{"range":{"nesting_mode":"list","block":{"attributes":{"end":{"type":"string","description_kind":"plain","required":true},"start":{"type":"string","description_kind":"plain","required":true}},"description_kind":"plain"},"max_items":1}},"description_kind":"plain"},"max_items":1},"datetime":{"nesting_mode":"list","block":{"attributes":{"value":{"type":"string","description_kind":"plain","required":true}},"description_kind":"plain"},"max_items":1},"datetime_range":{"nesting_mode":"list","block":{"attributes":{"value":{"type":"string","description_kind":"plain","optional":true}},"block_types":{"range":{"nesting_mode":"list","block":{"attributes":{"end":{"type":"string","description_kind":"plain","required":true},"start":{"type":"string","description_kind":"plain","required":true}},"description_kind":"plain"},"max_items":1}},"description_kind":"plain"},"max_items":1},"datetimesec":{"nesting_mode":"list","block":{"attributes":{"value":{"type":"string","description_kind":"plain","required":true}},"description_kind":"plain"},"max_items":1},"datetimesec_range":{"nesting_mode":"list","block":{"attributes":{"value":{"type":"string","description_kind":"plain","optional":true}},"block_types":{"range":{"nesting_mode":"list","block":{"attributes":{"end":{"type":"string","description_kind":"plain","required":true},"start":{"type":"string","description_kind":"plain","required":true}},"description_kind":"plain"},"max_items":1}},"description_kind":"plain"},"max_items":1},"enum":{"nesting_mode":"list","block":{"attributes":{"options":{"type":["list","string"],"description_kind":"plain","required":true},"value":{"type":"string","description_kind":"plain","optional":true},"values":{"type":["list","string"],"description_kind":"plain","optional":true}},"block_types":{"multiple":{"nesting_mode":"list","block":{"attributes":{"prefix":{"type":"string","description_kind":"plain","required":true},"separator":{"type":"string","description_kind":"plain","required":true},"suffix":{"type":"string","description_kind":"plain","required":true}},"description_kind":"plain"},"max_items":1}},"description_kind":"plain"},"max_items":1},"number":{"nesting_mode":"list","block":{"attributes":{"value":{"type":"number","description_kind":"plain","required":true}},"description_kind":"plain"},"max_items":1},"query":{"nesting_mode":"list","block":{"attributes":{"query_id":{"type":"string","description_kind":"plain","required":true},"value":{"type":"string","description_kind":"plain","optional":true},"values":{"type":["list","string"],"description_kind":"plain","optional":true}},"block_types":{"multiple":{"nesting_mode":"list","block":{"attributes":{"prefix":{"type":"string","description_kind":"plain","required":true},"separator":{"type":"string","description_kind":"plain","required":true},"suffix":{"type":"string","description_kind":"plain","required":true}},"description_kind":"plain"},"max_items":1}},"description_kind":"plain"},"max_items":1},"text":{"nesting_mode":"list","block":{"attributes":{"value":{"type":"string","description_kind":"plain","required":true}},"description_kind":"plain"},"max_items":1}},"description_kind":"plain"}},"schedule":{"nesting_mode":"list","block":{"block_types":{"continuous":{"nesting_mode":"list","block":{"attributes":{"interval_seconds":{"type":"number","description_kind":"plain","required":true},"until_date":{"type":"string","description_kind":"plain","optional":true}},"description_kind":"plain"},"max_items":1},"daily":{"nesting_mode":"list","block":{"attributes":{"interval_days":{"type":"number","description_kind":"plain","required":true},"time_of_day":{"type":"string","description_kind":"plain","required":true},"until_date":{"type":"string","description_kind":"plain","optional":true}},"description_kind":"plain"},"max_items":1},"weekly":{"nesting_mode":"list","block":{"attributes":{"day_of_week":{"type":"string","description_kind":"plain","required":true},"interval_weeks":{"type":"number","description_kind":"plain","required":true},"time_of_day":{"type":"string","description_kind":"plain","required":true},"until_date":{"type":"string","description_kind":"plain","optional":true}},"description_kind":"plain"},"max_items":1}},"description_kind":"plain"},"max_items":1}},"description_kind":"plain"}},"databricks_sql_visualization":{"version":0,"block":{"attributes":{"description":{"type":"string","description_kind":"plain","optional":true},"id":{"type":"string","description_kind":"plain","optional":true,"computed":true},"name":{"type":"string","description_kind":"plain","required":true},"options":{"type":"string","description_kind":"plain","required":true},"query_id":{"type":"string","description_kind":"plain","required":true},"query_plan":{"type":"string","description_kind":"plain","optional":true},"type":{"type":"string","description_kind":"plain","required":true},"visualization_id":{"type":"string","description_kind":"plain","optional":true,"computed":true}},"description_kind":"plain"}},"databricks_sql_widget":{"version":0,"block":{"attributes":{"dashboard_id":{"type":"string","description_kind":"plain","required":true},"description":{"type":"string","description_kind":"plain","optional":true},"id":{"type":"string","description_kind":"plain","optional":true,"computed":true},"text":{"type":"string","description_kind":"plain","optional":true},"title":{"type":"string","description_kind":"plain","optional":true},"visualization_id":{"type":"string","description_kind":"plain","optional":true},"widget_id":{"type":"string","description_kind":"plain","optional":true,"computed":true}},"block_types":{"parameter":{"nesting_mode":"set","block":{"attributes":{"map_to":{"type":"string","description_kind":"plain","optional":true},"name":{"type":"string","description_kind":"plain","required":true},"title":{"type":"string","description_kind":"plain","optional":true},"type":{"type":"string","description_kind":"plain","required":true},"value":{"type":"string","description_kind":"plain","optional":true},"values":{"type":["list","string"],"description_kind":"plain","optional":true}},"description_kind":"plain"}},"position":{"nesting_mode":"list","block":{"attributes":{"auto_height":{"type":"bool","description_kind":"plain","optional":true},"pos_x":{"type":"number","description_kind":"plain","optional":true},"pos_y":{"type":"number","description_kind":"plain","optional":true},"size_x":{"type":"number","description_kind":"plain","required":true},"size_y":{"type":"number","description_kind":"plain","required":true}},"description_kind":"plain"},"max_items":1}},"description_kind":"plain"}},"databricks_storage_credential":{"version":0,"block":{"attributes":{"comment":{"type":"string","description_kind":"plain","optional":true},"id":{"type":"string","description_kind":"plain","optional":true,"computed":true},"metastore_id":{"type":"string","description_kind":"plain","optional":true,"computed":true},"name":{"type":"string","description_kind":"plain","required":true},"owner":{"type":"string","description_kind":"plain","optional":true,"computed":true}},"block_types":{"aws_iam_role":{"nesting_mode":"list","block":{"attributes":{"role_arn":{"type":"string","description_kind":"plain","required":true}},"description_kind":"plain"},"max_items":1},"azure_managed_identity":{"nesting_mode":"list","block":{"attributes":{"access_connector_id":{"type":"string","description_kind":"plain","required":true}},"description_kind":"plain"},"max_items":1},"azure_service_principal":{"nesting_mode":"list","block":{"attributes":{"application_id":{"type":"string","description_kind":"plain","required":true},"client_secret":{"type":"string","description_kind":"plain","required":true,"sensitive":true},"directory_id":{"type":"string","description_kind":"plain","required":true}},"description_kind":"plain"},"max_items":1},"gcp_service_account_key":{"nesting_mode":"list","block":{"attributes":{"email":{"type":"string","description_kind":"plain","required":true},"private_key":{"type":"string","description_kind":"plain","required":true,"sensitive":true},"private_key_id":{"type":"string","description_kind":"plain","required":true}},"description_kind":"plain"},"max_items":1}},"description_kind":"plain"}},"databricks_table":{"version":0,"block":{"attributes":{"catalog_name":{"type":"string","description_kind":"plain","required":true},"comment":{"type":"string","description_kind":"plain","optional":true},"data_source_format":{"type":"string","description_kind":"plain","required":true},"id":{"type":"string","description_kind":"plain","optional":true,"computed":true},"name":{"type":"string","description_kind":"plain","required":true},"owner":{"type":"string","description_kind":"plain","optional":true,"computed":true},"properties":{"type":["map","string"],"description_kind":"plain","optional":true},"schema_name":{"type":"string","description_kind":"plain","required":true},"storage_credential_name":{"type":"string","description_kind":"plain","optional":true},"storage_location":{"type":"string","description_kind":"plain","optional":true},"table_type":{"type":"string","description_kind":"plain","required":true},"view_definition":{"type":"string","description_kind":"plain","optional":true}},"block_types":{"column":{"nesting_mode":"list","block":{"attributes":{"comment":{"type":"string","description_kind":"plain","optional":true},"name":{"type":"string","description_kind":"plain","required":true},"nullable":{"type":"bool","description_kind":"plain","optional":true},"partition_index":{"type":"number","description_kind":"plain","optional":true},"position":{"type":"number","description_kind":"plain","required":true},"type_interval_type":{"type":"string","description_kind":"plain","optional":true},"type_json":{"type":"string","description_kind":"plain","optional":true},"type_name":{"type":"string","description_kind":"plain","required":true},"type_precision":{"type":"number","description_kind":"plain","optional":true},"type_scale":{"type":"number","description_kind":"plain","optional":true},"type_text":{"type":"string","description_kind":"plain","required":true}},"description_kind":"plain"},"min_items":1}},"description_kind":"plain"}},"databricks_token":{"version":0,"block":{"attributes":{"comment":{"type":"string","description_kind":"plain","optional":true},"creation_time":{"type":"number","description_kind":"plain","optional":true,"computed":true},"expiry_time":{"type":"number","description_kind":"plain","optional":true,"computed":true},"id":{"type":"string","description_kind":"plain","optional":true,"computed":true},"lifetime_seconds":{"type":"number","description_kind":"plain","optional":true},"token_id":{"type":"string","description_kind":"plain","optional":true,"computed":true},"token_value":{"type":"string","description_kind":"plain","computed":true,"sensitive":true}},"description_kind":"plain"}},"databricks_user":{"version":0,"block":{"attributes":{"active":{"type":"bool","description_kind":"plain","optional":true},"allow_cluster_create":{"type":"bool","description_kind":"plain","optional":true},"allow_instance_pool_create":{"type":"bool","description_kind":"plain","optional":true},"databricks_sql_access":{"type":"bool","description_kind":"plain","optional":true},"display_name":{"type":"string","description_kind":"plain","optional":true,"computed":true},"external_id":{"type":"string","description_kind":"plain","optional":true},"force":{"type":"bool","description_kind":"plain","optional":true},"home":{"type":"string","description_kind":"plain","optional":true,"computed":true},"id":{"type":"string","description_kind":"plain","optional":true,"computed":true},"repos":{"type":"string","description_kind":"plain","optional":true,"computed":true},"user_name":{"type":"string","description_kind":"plain","required":true},"workspace_access":{"type":"bool","description_kind":"plain","optional":true}},"description_kind":"plain"}},"databricks_user_instance_profile":{"version":0,"block":{"attributes":{"id":{"type":"string","description_kind":"plain","optional":true,"computed":true},"instance_profile_id":{"type":"string","description_kind":"plain","required":true},"user_id":{"type":"string","description_kind":"plain","required":true}},"description_kind":"plain","deprecated":true}},"databricks_user_role":{"version":0,"block":{"attributes":{"id":{"type":"string","description_kind":"plain","optional":true,"computed":true},"role":{"type":"string","description_kind":"plain","required":true},"user_id":{"type":"string","description_kind":"plain","required":true}},"description_kind":"plain"}},"databricks_workspace_conf":{"version":0,"block":{"attributes":{"custom_config":{"type":["map","string"],"description_kind":"plain","optional":true},"id":{"type":"string","description_kind":"plain","optional":true,"computed":true}},"description_kind":"plain"}}},"data_source_schemas":{"databricks_aws_assume_role_policy":{"version":0,"block":{"attributes":{"databricks_account_id":{"type":"string","description_kind":"plain","optional":true},"external_id":{"type":"string","description_kind":"plain","required":true},"for_log_delivery":{"type":"bool","description":"Grant AssumeRole to Databricks SaasUsageDeliveryRole instead of root account","description_kind":"plain","optional":true},"id":{"type":"string","description_kind":"plain","optional":true,"computed":true},"json":{"type":"string","description_kind":"plain","computed":true}},"description_kind":"plain"}},"databricks_aws_bucket_policy":{"version":0,"block":{"attributes":{"bucket":{"type":"string","description_kind":"plain","required":true},"databricks_account_id":{"type":"string","description_kind":"plain","optional":true},"databricks_e2_account_id":{"type":"string","description_kind":"plain","optional":true},"full_access_role":{"type":"string","description_kind":"plain","optional":true},"id":{"type":"string","description_kind":"plain","optional":true,"computed":true},"json":{"type":"string","description_kind":"plain","computed":true}},"description_kind":"plain"}},"databricks_aws_crossaccount_policy":{"version":0,"block":{"attributes":{"id":{"type":"string","description_kind":"plain","optional":true,"computed":true},"json":{"type":"string","description_kind":"plain","computed":true},"pass_roles":{"type":["list","string"],"description_kind":"plain","optional":true}},"description_kind":"plain"}},"databricks_catalogs":{"version":0,"block":{"attributes":{"id":{"type":"string","description_kind":"plain","optional":true,"computed":true},"ids":{"type":["set","string"],"description_kind":"plain","optional":true,"computed":true}},"description_kind":"plain"}},"databricks_cluster":{"version":2,"block":{"attributes":{"cluster_id":{"type":"string","description_kind":"plain","optional":true,"computed":true},"cluster_name":{"type":"string","description_kind":"plain","optional":true,"computed":true},"id":{"type":"string","description_kind":"plain","optional":true,"computed":true}},"block_types":{"cluster_info":{"nesting_mode":"list","block":{"attributes":{"autotermination_minutes":{"type":"number","description_kind":"plain","optional":true},"cluster_cores":{"type":"number","description_kind":"plain","optional":true},"cluster_id":{"type":"string","description_kind":"plain","optional":true},"cluster_memory_mb":{"type":"number","description_kind":"plain","optional":true},"cluster_name":{"type":"string","description_kind":"plain","optional":true},"cluster_source":{"type":"string","description_kind":"plain","optional":true},"creator_user_name":{"type":"string","description_kind":"plain","optional":true},"custom_tags":{"type":["map","string"],"description_kind":"plain","optional":true},"data_security_mode":{"type":"string","description_kind":"plain","optional":true},"default_tags":{"type":["map","string"],"description_kind":"plain","required":true},"driver_instance_pool_id":{"type":"string","description_kind":"plain","optional":true,"computed":true},"driver_node_type_id":{"type":"string","description_kind":"plain","optional":true},"enable_elastic_disk":{"type":"bool","description_kind":"plain","optional":true},"enable_local_disk_encryption":{"type":"bool","description_kind":"plain","optional":true},"instance_pool_id":{"type":"string","description_kind":"plain","optional":true},"jdbc_port":{"type":"number","description_kind":"plain","optional":true},"last_activity_time":{"type":"number","description_kind":"plain","optional":true},"last_state_loss_time":{"type":"number","description_kind":"plain","optional":true},"node_type_id":{"type":"string","description_kind":"plain","optional":true},"num_workers":{"type":"number","description_kind":"plain","optional":true},"policy_id":{"type":"string","description_kind":"plain","optional":true},"runtime_engine":{"type":"string","description_kind":"plain","optional":true},"single_user_name":{"type":"string","description_kind":"plain","optional":true},"spark_conf":{"type":["map","string"],"description_kind":"plain","optional":true},"spark_context_id":{"type":"number","description_kind":"plain","optional":true},"spark_env_vars":{"type":["map","string"],"description_kind":"plain","optional":true},"spark_version":{"type":"string","description_kind":"plain","required":true},"ssh_public_keys":{"type":["list","string"],"description_kind":"plain","optional":true},"start_time":{"type":"number","description_kind":"plain","optional":true},"state":{"type":"string","description_kind":"plain","required":true},"state_message":{"type":"string","description_kind":"plain","optional":true},"terminate_time":{"type":"number","description_kind":"plain","optional":true}},"block_types":{"autoscale":{"nesting_mode":"list","block":{"attributes":{"max_workers":{"type":"number","description_kind":"plain","optional":true},"min_workers":{"type":"number","description_kind":"plain","optional":true}},"description_kind":"plain"},"max_items":1},"aws_attributes":{"nesting_mode":"list","block":{"attributes":{"availability":{"type":"string","description_kind":"plain","optional":true},"ebs_volume_count":{"type":"number","description_kind":"plain","optional":true},"ebs_volume_size":{"type":"number","description_kind":"plain","optional":true},"ebs_volume_type":{"type":"string","description_kind":"plain","optional":true},"first_on_demand":{"type":"number","description_kind":"plain","optional":true},"instance_profile_arn":{"type":"string","description_kind":"plain","optional":true},"spot_bid_price_percent":{"type":"number","description_kind":"plain","optional":true},"zone_id":{"type":"string","description_kind":"plain","optional":true}},"description_kind":"plain"},"max_items":1},"azure_attributes":{"nesting_mode":"list","block":{"attributes":{"availability":{"type":"string","description_kind":"plain","optional":true},"first_on_demand":{"type":"number","description_kind":"plain","optional":true},"spot_bid_max_price":{"type":"number","description_kind":"plain","optional":true}},"description_kind":"plain"},"max_items":1},"cluster_log_conf":{"nesting_mode":"list","block":{"block_types":{"dbfs":{"nesting_mode":"list","block":{"attributes":{"destination":{"type":"string","description_kind":"plain","required":true}},"description_kind":"plain"},"max_items":1},"s3":{"nesting_mode":"list","block":{"attributes":{"canned_acl":{"type":"string","description_kind":"plain","optional":true},"destination":{"type":"string","description_kind":"plain","required":true},"enable_encryption":{"type":"bool","description_kind":"plain","optional":true},"encryption_type":{"type":"string","description_kind":"plain","optional":true},"endpoint":{"type":"string","description_kind":"plain","optional":true},"kms_key":{"type":"string","description_kind":"plain","optional":true},"region":{"type":"string","description_kind":"plain","optional":true}},"description_kind":"plain"},"max_items":1}},"description_kind":"plain"},"max_items":1},"cluster_log_status":{"nesting_mode":"list","block":{"attributes":{"last_attempted":{"type":"number","description_kind":"plain","optional":true},"last_exception":{"type":"string","description_kind":"plain","optional":true}},"description_kind":"plain"},"max_items":1},"docker_image":{"nesting_mode":"list","block":{"attributes":{"url":{"type":"string","description_kind":"plain","required":true}},"block_types":{"basic_auth":{"nesting_mode":"list","block":{"attributes":{"password":{"type":"string","description_kind":"plain","required":true,"sensitive":true},"username":{"type":"string","description_kind":"plain","required":true}},"description_kind":"plain"},"max_items":1}},"description_kind":"plain"},"max_items":1},"driver":{"nesting_mode":"list","block":{"attributes":{"host_private_ip":{"type":"string","description_kind":"plain","optional":true},"instance_id":{"type":"string","description_kind":"plain","optional":true},"node_id":{"type":"string","description_kind":"plain","optional":true},"private_ip":{"type":"string","description_kind":"plain","optional":true},"public_dns":{"type":"string","description_kind":"plain","optional":true},"start_timestamp":{"type":"number","description_kind":"plain","optional":true}},"block_types":{"node_aws_attributes":{"nesting_mode":"list","block":{"attributes":{"is_spot":{"type":"bool","description_kind":"plain","optional":true}},"description_kind":"plain"},"max_items":1}},"description_kind":"plain"},"max_items":1},"executors":{"nesting_mode":"list","block":{"attributes":{"host_private_ip":{"type":"string","description_kind":"plain","optional":true},"instance_id":{"type":"string","description_kind":"plain","optional":true},"node_id":{"type":"string","description_kind":"plain","optional":true},"private_ip":{"type":"string","description_kind":"plain","optional":true},"public_dns":{"type":"string","description_kind":"plain","optional":true},"start_timestamp":{"type":"number","description_kind":"plain","optional":true}},"block_types":{"node_aws_attributes":{"nesting_mode":"list","block":{"attributes":{"is_spot":{"type":"bool","description_kind":"plain","optional":true}},"description_kind":"plain"},"max_items":1}},"description_kind":"plain"}},"gcp_attributes":{"nesting_mode":"list","block":{"attributes":{"availability":{"type":"string","description_kind":"plain","optional":true},"boot_disk_size":{"type":"number","description_kind":"plain","optional":true},"google_service_account":{"type":"string","description_kind":"plain","optional":true},"use_preemptible_executors":{"type":"bool","description_kind":"plain","optional":true},"zone_id":{"type":"string","description_kind":"plain","optional":true}},"description_kind":"plain"},"max_items":1},"init_scripts":{"nesting_mode":"list","block":{"block_types":{"dbfs":{"nesting_mode":"list","block":{"attributes":{"destination":{"type":"string","description_kind":"plain","required":true}},"description_kind":"plain"},"max_items":1},"s3":{"nesting_mode":"list","block":{"attributes":{"canned_acl":{"type":"string","description_kind":"plain","optional":true},"destination":{"type":"string","description_kind":"plain","required":true},"enable_encryption":{"type":"bool","description_kind":"plain","optional":true},"encryption_type":{"type":"string","description_kind":"plain","optional":true},"endpoint":{"type":"string","description_kind":"plain","optional":true},"kms_key":{"type":"string","description_kind":"plain","optional":true},"region":{"type":"string","description_kind":"plain","optional":true}},"description_kind":"plain"},"max_items":1}},"description_kind":"plain"}},"termination_reason":{"nesting_mode":"list","block":{"attributes":{"code":{"type":"string","description_kind":"plain","optional":true},"parameters":{"type":["map","string"],"description_kind":"plain","optional":true},"type":{"type":"string","description_kind":"plain","optional":true}},"description_kind":"plain"},"max_items":1}},"description_kind":"plain"},"max_items":1}},"description_kind":"plain"}},"databricks_cluster_policy":{"version":0,"block":{"attributes":{"definition":{"type":"string","description_kind":"plain","computed":true},"id":{"type":"string","description_kind":"plain","optional":true,"computed":true},"max_clusters_per_user":{"type":"number","description_kind":"plain","computed":true},"name":{"type":"string","description_kind":"plain","required":true}},"description_kind":"plain"}},"databricks_clusters":{"version":0,"block":{"attributes":{"cluster_name_contains":{"type":"string","description_kind":"plain","optional":true},"id":{"type":"string","description_kind":"plain","optional":true,"computed":true},"ids":{"type":["set","string"],"description_kind":"plain","computed":true}},"description_kind":"plain"}},"databricks_current_user":{"version":0,"block":{"attributes":{"alphanumeric":{"type":"string","description_kind":"plain","computed":true},"external_id":{"type":"string","description_kind":"plain","computed":true},"home":{"type":"string","description_kind":"plain","computed":true},"id":{"type":"string","description_kind":"plain","optional":true,"computed":true},"repos":{"type":"string","description_kind":"plain","computed":true},"user_name":{"type":"string","description_kind":"plain","computed":true},"workspace_url":{"type":"string","description_kind":"plain","computed":true}},"description_kind":"plain"}},"databricks_dbfs_file":{"version":1,"block":{"attributes":{"content":{"type":"string","description_kind":"plain","computed":true},"file_size":{"type":"number","description_kind":"plain","computed":true},"id":{"type":"string","description_kind":"plain","optional":true,"computed":true},"limit_file_size":{"type":"bool","description_kind":"plain","required":true},"path":{"type":"string","description_kind":"plain","required":true}},"description_kind":"plain"}},"databricks_dbfs_file_paths":{"version":0,"block":{"attributes":{"id":{"type":"string","description_kind":"plain","optional":true,"computed":true},"path":{"type":"string","description_kind":"plain","required":true},"path_list":{"type":["set",["object",{"file_size":"number","path":"string"}]],"description_kind":"plain","computed":true},"recursive":{"type":"bool","description_kind":"plain","required":true}},"description_kind":"plain"}},"databricks_directory":{"version":0,"block":{"attributes":{"id":{"type":"string","description_kind":"plain","optional":true,"computed":true},"object_id":{"type":"number","description_kind":"plain","optional":true,"computed":true},"path":{"type":"string","description_kind":"plain","required":true}},"description_kind":"plain"}},"databricks_group":{"version":0,"block":{"attributes":{"allow_cluster_create":{"type":"bool","description_kind":"plain","optional":true},"allow_instance_pool_create":{"type":"bool","description_kind":"plain","optional":true},"child_groups":{"type":["set","string"],"description_kind":"plain","optional":true,"computed":true},"databricks_sql_access":{"type":"bool","description_kind":"plain","optional":true},"display_name":{"type":"string","description_kind":"plain","required":true},"external_id":{"type":"string","description_kind":"plain","optional":true,"computed":true},"groups":{"type":["set","string"],"description_kind":"plain","optional":true,"computed":true},"id":{"type":"string","description_kind":"plain","optional":true,"computed":true},"instance_profiles":{"type":["set","string"],"description_kind":"plain","optional":true,"computed":true},"members":{"type":["set","string"],"description_kind":"plain","deprecated":true,"optional":true,"computed":true},"recursive":{"type":"bool","description_kind":"plain","optional":true},"service_principals":{"type":["set","string"],"description_kind":"plain","optional":true,"computed":true},"users":{"type":["set","string"],"description_kind":"plain","optional":true,"computed":true},"workspace_access":{"type":"bool","description_kind":"plain","optional":true}},"description_kind":"plain"}},"databricks_instance_pool":{"version":0,"block":{"attributes":{"id":{"type":"string","description_kind":"plain","optional":true,"computed":true},"name":{"type":"string","description_kind":"plain","required":true}},"block_types":{"pool_info":{"nesting_mode":"list","block":{"attributes":{"custom_tags":{"type":["map","string"],"description_kind":"plain","optional":true},"default_tags":{"type":["map","string"],"description_kind":"plain","optional":true,"computed":true},"enable_elastic_disk":{"type":"bool","description_kind":"plain","optional":true},"idle_instance_autotermination_minutes":{"type":"number","description_kind":"plain","required":true},"instance_pool_id":{"type":"string","description_kind":"plain","optional":true,"computed":true},"instance_pool_name":{"type":"string","description_kind":"plain","required":true},"max_capacity":{"type":"number","description_kind":"plain","optional":true},"min_idle_instances":{"type":"number","description_kind":"plain","optional":true},"node_type_id":{"type":"string","description_kind":"plain","optional":true},"preloaded_spark_versions":{"type":["list","string"],"description_kind":"plain","optional":true},"state":{"type":"string","description_kind":"plain","optional":true}},"block_types":{"aws_attributes":{"nesting_mode":"list","block":{"attributes":{"availability":{"type":"string","description_kind":"plain","optional":true},"spot_bid_price_percent":{"type":"number","description_kind":"plain","optional":true},"zone_id":{"type":"string","description_kind":"plain","optional":true,"computed":true}},"description_kind":"plain"},"max_items":1},"azure_attributes":{"nesting_mode":"list","block":{"attributes":{"availability":{"type":"string","description_kind":"plain","optional":true},"spot_bid_max_price":{"type":"number","description_kind":"plain","optional":true}},"description_kind":"plain"},"max_items":1},"disk_spec":{"nesting_mode":"list","block":{"attributes":{"disk_count":{"type":"number","description_kind":"plain","optional":true},"disk_size":{"type":"number","description_kind":"plain","optional":true}},"block_types":{"disk_type":{"nesting_mode":"list","block":{"attributes":{"azure_disk_volume_type":{"type":"string","description_kind":"plain","optional":true},"ebs_volume_type":{"type":"string","description_kind":"plain","optional":true}},"description_kind":"plain"},"max_items":1}},"description_kind":"plain"},"max_items":1},"gcp_attributes":{"nesting_mode":"list","block":{"attributes":{"gcp_availability":{"type":"string","description_kind":"plain","optional":true}},"description_kind":"plain"},"max_items":1},"instance_pool_fleet_attributes":{"nesting_mode":"list","block":{"block_types":{"fleet_on_demand_option":{"nesting_mode":"list","block":{"attributes":{"allocation_strategy":{"type":"string","description_kind":"plain","required":true},"instance_pools_to_use_count":{"type":"number","description_kind":"plain","optional":true}},"description_kind":"plain"},"max_items":1},"fleet_spot_option":{"nesting_mode":"list","block":{"attributes":{"allocation_strategy":{"type":"string","description_kind":"plain","required":true},"instance_pools_to_use_count":{"type":"number","description_kind":"plain","optional":true}},"description_kind":"plain"},"max_items":1},"launch_template_override":{"nesting_mode":"set","block":{"attributes":{"availability_zone":{"type":"string","description_kind":"plain","required":true},"instance_type":{"type":"string","description_kind":"plain","required":true}},"description_kind":"plain"},"min_items":1}},"description_kind":"plain"}},"preloaded_docker_image":{"nesting_mode":"set","block":{"attributes":{"url":{"type":"string","description_kind":"plain","required":true}},"block_types":{"basic_auth":{"nesting_mode":"list","block":{"attributes":{"password":{"type":"string","description_kind":"plain","required":true,"sensitive":true},"username":{"type":"string","description_kind":"plain","required":true}},"description_kind":"plain"},"max_items":1}},"description_kind":"plain"}},"stats":{"nesting_mode":"list","block":{"attributes":{"idle_count":{"type":"number","description_kind":"plain","optional":true},"pending_idle_count":{"type":"number","description_kind":"plain","optional":true},"pending_used_count":{"type":"number","description_kind":"plain","optional":true},"used_count":{"type":"number","description_kind":"plain","optional":true}},"description_kind":"plain"},"max_items":1}},"description_kind":"plain"},"max_items":1}},"description_kind":"plain"}},"databricks_job":{"version":2,"block":{"attributes":{"id":{"type":"string","description_kind":"plain","optional":true,"computed":true},"job_id":{"type":"string","description_kind":"plain","optional":true,"computed":true},"job_name":{"type":"string","description_kind":"plain","optional":true,"computed":true},"name":{"type":"string","description_kind":"plain","optional":true,"computed":true}},"block_types":{"job_settings":{"nesting_mode":"list","block":{"attributes":{"created_time":{"type":"number","description_kind":"plain","optional":true},"creator_user_name":{"type":"string","description_kind":"plain","optional":true},"job_id":{"type":"number","description_kind":"plain","optional":true}},"block_types":{"settings":{"nesting_mode":"list","block":{"attributes":{"existing_cluster_id":{"type":"string","description_kind":"plain","optional":true},"format":{"type":"string","description_kind":"plain","optional":true,"computed":true},"max_concurrent_runs":{"type":"number","description_kind":"plain","optional":true},"max_retries":{"type":"number","description_kind":"plain","optional":true},"min_retry_interval_millis":{"type":"number","description_kind":"plain","optional":true},"name":{"type":"string","description_kind":"plain","optional":true},"retry_on_timeout":{"type":"bool","description_kind":"plain","optional":true},"tags":{"type":["map","string"],"description_kind":"plain","optional":true},"timeout_seconds":{"type":"number","description_kind":"plain","optional":true}},"block_types":{"dbt_task":{"nesting_mode":"list","block":{"attributes":{"catalog":{"type":"string","description_kind":"plain","optional":true},"commands":{"type":["list","string"],"description_kind":"plain","required":true},"profiles_directory":{"type":"string","description_kind":"plain","optional":true},"project_directory":{"type":"string","description_kind":"plain","optional":true},"schema":{"type":"string","description_kind":"plain","optional":true},"warehouse_id":{"type":"string","description_kind":"plain","optional":true}},"description_kind":"plain"},"max_items":1},"email_notifications":{"nesting_mode":"list","block":{"attributes":{"alert_on_last_attempt":{"type":"bool","description_kind":"plain","optional":true},"no_alert_for_skipped_runs":{"type":"bool","description_kind":"plain","optional":true},"on_failure":{"type":["list","string"],"description_kind":"plain","optional":true},"on_start":{"type":["list","string"],"description_kind":"plain","optional":true},"on_success":{"type":["list","string"],"description_kind":"plain","optional":true}},"description_kind":"plain"},"max_items":1},"git_source":{"nesting_mode":"list","block":{"attributes":{"branch":{"type":"string","description_kind":"plain","optional":true},"commit":{"type":"string","description_kind":"plain","optional":true},"provider":{"type":"string","description_kind":"plain","optional":true},"tag":{"type":"string","description_kind":"plain","optional":true},"url":{"type":"string","description_kind":"plain","required":true}},"description_kind":"plain"},"max_items":1},"job_cluster":{"nesting_mode":"list","block":{"attributes":{"job_cluster_key":{"type":"string","description_kind":"plain","optional":true}},"block_types":{"new_cluster":{"nesting_mode":"list","block":{"attributes":{"apply_policy_default_values":{"type":"bool","description_kind":"plain","optional":true},"autotermination_minutes":{"type":"number","description_kind":"plain","optional":true},"cluster_id":{"type":"string","description_kind":"plain","optional":true},"cluster_name":{"type":"string","description_kind":"plain","optional":true},"custom_tags":{"type":["map","string"],"description_kind":"plain","optional":true},"data_security_mode":{"type":"string","description_kind":"plain","optional":true},"driver_instance_pool_id":{"type":"string","description_kind":"plain","optional":true,"computed":true},"driver_node_type_id":{"type":"string","description_kind":"plain","optional":true,"computed":true},"enable_elastic_disk":{"type":"bool","description_kind":"plain","optional":true,"computed":true},"enable_local_disk_encryption":{"type":"bool","description_kind":"plain","optional":true,"computed":true},"idempotency_token":{"type":"string","description_kind":"plain","optional":true},"instance_pool_id":{"type":"string","description_kind":"plain","optional":true},"node_type_id":{"type":"string","description_kind":"plain","optional":true,"computed":true},"num_workers":{"type":"number","description_kind":"plain","required":true},"policy_id":{"type":"string","description_kind":"plain","optional":true},"runtime_engine":{"type":"string","description_kind":"plain","optional":true},"single_user_name":{"type":"string","description_kind":"plain","optional":true},"spark_conf":{"type":["map","string"],"description_kind":"plain","optional":true},"spark_env_vars":{"type":["map","string"],"description_kind":"plain","optional":true},"spark_version":{"type":"string","description_kind":"plain","required":true},"ssh_public_keys":{"type":["list","string"],"description_kind":"plain","optional":true}},"block_types":{"autoscale":{"nesting_mode":"list","block":{"attributes":{"max_workers":{"type":"number","description_kind":"plain","optional":true},"min_workers":{"type":"number","description_kind":"plain","optional":true}},"description_kind":"plain"},"max_items":1},"aws_attributes":{"nesting_mode":"list","block":{"attributes":{"availability":{"type":"string","description_kind":"plain","optional":true},"ebs_volume_count":{"type":"number","description_kind":"plain","optional":true},"ebs_volume_size":{"type":"number","description_kind":"plain","optional":true},"ebs_volume_type":{"type":"string","description_kind":"plain","optional":true},"first_on_demand":{"type":"number","description_kind":"plain","optional":true},"instance_profile_arn":{"type":"string","description_kind":"plain","optional":true},"spot_bid_price_percent":{"type":"number","description_kind":"plain","optional":true},"zone_id":{"type":"string","description_kind":"plain","optional":true}},"description_kind":"plain"},"max_items":1},"azure_attributes":{"nesting_mode":"list","block":{"attributes":{"availability":{"type":"string","description_kind":"plain","optional":true},"first_on_demand":{"type":"number","description_kind":"plain","optional":true},"spot_bid_max_price":{"type":"number","description_kind":"plain","optional":true}},"description_kind":"plain"},"max_items":1},"cluster_log_conf":{"nesting_mode":"list","block":{"block_types":{"dbfs":{"nesting_mode":"list","block":{"attributes":{"destination":{"type":"string","description_kind":"plain","required":true}},"description_kind":"plain"},"max_items":1},"s3":{"nesting_mode":"list","block":{"attributes":{"canned_acl":{"type":"string","description_kind":"plain","optional":true},"destination":{"type":"string","description_kind":"plain","required":true},"enable_encryption":{"type":"bool","description_kind":"plain","optional":true},"encryption_type":{"type":"string","description_kind":"plain","optional":true},"endpoint":{"type":"string","description_kind":"plain","optional":true},"kms_key":{"type":"string","description_kind":"plain","optional":true},"region":{"type":"string","description_kind":"plain","optional":true}},"description_kind":"plain"},"max_items":1}},"description_kind":"plain"},"max_items":1},"cluster_mount_info":{"nesting_mode":"list","block":{"attributes":{"local_mount_dir_path":{"type":"string","description_kind":"plain","required":true},"remote_mount_dir_path":{"type":"string","description_kind":"plain","optional":true}},"block_types":{"network_filesystem_info":{"nesting_mode":"list","block":{"attributes":{"mount_options":{"type":"string","description_kind":"plain","optional":true},"server_address":{"type":"string","description_kind":"plain","required":true}},"description_kind":"plain"},"min_items":1,"max_items":1}},"description_kind":"plain"}},"docker_image":{"nesting_mode":"list","block":{"attributes":{"url":{"type":"string","description_kind":"plain","required":true}},"block_types":{"basic_auth":{"nesting_mode":"list","block":{"attributes":{"password":{"type":"string","description_kind":"plain","required":true,"sensitive":true},"username":{"type":"string","description_kind":"plain","required":true}},"description_kind":"plain"},"max_items":1}},"description_kind":"plain"},"max_items":1},"gcp_attributes":{"nesting_mode":"list","block":{"attributes":{"availability":{"type":"string","description_kind":"plain","optional":true},"boot_disk_size":{"type":"number","description_kind":"plain","optional":true},"google_service_account":{"type":"string","description_kind":"plain","optional":true},"use_preemptible_executors":{"type":"bool","description_kind":"plain","optional":true},"zone_id":{"type":"string","description_kind":"plain","optional":true}},"description_kind":"plain"},"max_items":1},"init_scripts":{"nesting_mode":"list","block":{"block_types":{"abfss":{"nesting_mode":"list","block":{"attributes":{"destination":{"type":"string","description_kind":"plain","optional":true}},"description_kind":"plain"},"max_items":1},"dbfs":{"nesting_mode":"list","block":{"attributes":{"destination":{"type":"string","description_kind":"plain","required":true}},"description_kind":"plain"},"max_items":1},"file":{"nesting_mode":"list","block":{"attributes":{"destination":{"type":"string","description_kind":"plain","optional":true}},"description_kind":"plain"},"max_items":1},"gcs":{"nesting_mode":"list","block":{"attributes":{"destination":{"type":"string","description_kind":"plain","optional":true}},"description_kind":"plain"},"max_items":1},"s3":{"nesting_mode":"list","block":{"attributes":{"canned_acl":{"type":"string","description_kind":"plain","optional":true},"destination":{"type":"string","description_kind":"plain","required":true},"enable_encryption":{"type":"bool","description_kind":"plain","optional":true},"encryption_type":{"type":"string","description_kind":"plain","optional":true},"endpoint":{"type":"string","description_kind":"plain","optional":true},"kms_key":{"type":"string","description_kind":"plain","optional":true},"region":{"type":"string","description_kind":"plain","optional":true}},"description_kind":"plain"},"max_items":1}},"description_kind":"plain"},"max_items":10},"workload_type":{"nesting_mode":"list","block":{"block_types":{"clients":{"nesting_mode":"list","block":{"attributes":{"jobs":{"type":"bool","description_kind":"plain","optional":true},"notebooks":{"type":"bool","description_kind":"plain","optional":true}},"description_kind":"plain"},"min_items":1,"max_items":1}},"description_kind":"plain"},"max_items":1}},"description_kind":"plain"},"max_items":1}},"description_kind":"plain"}},"library":{"nesting_mode":"set","block":{"attributes":{"egg":{"type":"string","description_kind":"plain","optional":true},"jar":{"type":"string","description_kind":"plain","optional":true},"whl":{"type":"string","description_kind":"plain","optional":true}},"block_types":{"cran":{"nesting_mode":"list","block":{"attributes":{"package":{"type":"string","description_kind":"plain","required":true},"repo":{"type":"string","description_kind":"plain","optional":true}},"description_kind":"plain"},"max_items":1},"maven":{"nesting_mode":"list","block":{"attributes":{"coordinates":{"type":"string","description_kind":"plain","required":true},"exclusions":{"type":["list","string"],"description_kind":"plain","optional":true},"repo":{"type":"string","description_kind":"plain","optional":true}},"description_kind":"plain"},"max_items":1},"pypi":{"nesting_mode":"list","block":{"attributes":{"package":{"type":"string","description_kind":"plain","required":true},"repo":{"type":"string","description_kind":"plain","optional":true}},"description_kind":"plain"},"max_items":1}},"description_kind":"plain"}},"new_cluster":{"nesting_mode":"list","block":{"attributes":{"apply_policy_default_values":{"type":"bool","description_kind":"plain","optional":true},"autotermination_minutes":{"type":"number","description_kind":"plain","optional":true},"cluster_id":{"type":"string","description_kind":"plain","optional":true},"cluster_name":{"type":"string","description_kind":"plain","optional":true},"custom_tags":{"type":["map","string"],"description_kind":"plain","optional":true},"data_security_mode":{"type":"string","description_kind":"plain","optional":true},"driver_instance_pool_id":{"type":"string","description_kind":"plain","optional":true,"computed":true},"driver_node_type_id":{"type":"string","description_kind":"plain","optional":true,"computed":true},"enable_elastic_disk":{"type":"bool","description_kind":"plain","optional":true,"computed":true},"enable_local_disk_encryption":{"type":"bool","description_kind":"plain","optional":true,"computed":true},"idempotency_token":{"type":"string","description_kind":"plain","optional":true},"instance_pool_id":{"type":"string","description_kind":"plain","optional":true},"node_type_id":{"type":"string","description_kind":"plain","optional":true,"computed":true},"num_workers":{"type":"number","description_kind":"plain","required":true},"policy_id":{"type":"string","description_kind":"plain","optional":true},"runtime_engine":{"type":"string","description_kind":"plain","optional":true},"single_user_name":{"type":"string","description_kind":"plain","optional":true},"spark_conf":{"type":["map","string"],"description_kind":"plain","optional":true},"spark_env_vars":{"type":["map","string"],"description_kind":"plain","optional":true},"spark_version":{"type":"string","description_kind":"plain","required":true},"ssh_public_keys":{"type":["list","string"],"description_kind":"plain","optional":true}},"block_types":{"autoscale":{"nesting_mode":"list","block":{"attributes":{"max_workers":{"type":"number","description_kind":"plain","optional":true},"min_workers":{"type":"number","description_kind":"plain","optional":true}},"description_kind":"plain"},"max_items":1},"aws_attributes":{"nesting_mode":"list","block":{"attributes":{"availability":{"type":"string","description_kind":"plain","optional":true},"ebs_volume_count":{"type":"number","description_kind":"plain","optional":true},"ebs_volume_size":{"type":"number","description_kind":"plain","optional":true},"ebs_volume_type":{"type":"string","description_kind":"plain","optional":true},"first_on_demand":{"type":"number","description_kind":"plain","optional":true},"instance_profile_arn":{"type":"string","description_kind":"plain","optional":true},"spot_bid_price_percent":{"type":"number","description_kind":"plain","optional":true},"zone_id":{"type":"string","description_kind":"plain","optional":true}},"description_kind":"plain"},"max_items":1},"azure_attributes":{"nesting_mode":"list","block":{"attributes":{"availability":{"type":"string","description_kind":"plain","optional":true},"first_on_demand":{"type":"number","description_kind":"plain","optional":true},"spot_bid_max_price":{"type":"number","description_kind":"plain","optional":true}},"description_kind":"plain"},"max_items":1},"cluster_log_conf":{"nesting_mode":"list","block":{"block_types":{"dbfs":{"nesting_mode":"list","block":{"attributes":{"destination":{"type":"string","description_kind":"plain","required":true}},"description_kind":"plain"},"max_items":1},"s3":{"nesting_mode":"list","block":{"attributes":{"canned_acl":{"type":"string","description_kind":"plain","optional":true},"destination":{"type":"string","description_kind":"plain","required":true},"enable_encryption":{"type":"bool","description_kind":"plain","optional":true},"encryption_type":{"type":"string","description_kind":"plain","optional":true},"endpoint":{"type":"string","description_kind":"plain","optional":true},"kms_key":{"type":"string","description_kind":"plain","optional":true},"region":{"type":"string","description_kind":"plain","optional":true}},"description_kind":"plain"},"max_items":1}},"description_kind":"plain"},"max_items":1},"cluster_mount_info":{"nesting_mode":"list","block":{"attributes":{"local_mount_dir_path":{"type":"string","description_kind":"plain","required":true},"remote_mount_dir_path":{"type":"string","description_kind":"plain","optional":true}},"block_types":{"network_filesystem_info":{"nesting_mode":"list","block":{"attributes":{"mount_options":{"type":"string","description_kind":"plain","optional":true},"server_address":{"type":"string","description_kind":"plain","required":true}},"description_kind":"plain"},"min_items":1,"max_items":1}},"description_kind":"plain"}},"docker_image":{"nesting_mode":"list","block":{"attributes":{"url":{"type":"string","description_kind":"plain","required":true}},"block_types":{"basic_auth":{"nesting_mode":"list","block":{"attributes":{"password":{"type":"string","description_kind":"plain","required":true,"sensitive":true},"username":{"type":"string","description_kind":"plain","required":true}},"description_kind":"plain"},"max_items":1}},"description_kind":"plain"},"max_items":1},"gcp_attributes":{"nesting_mode":"list","block":{"attributes":{"availability":{"type":"string","description_kind":"plain","optional":true},"boot_disk_size":{"type":"number","description_kind":"plain","optional":true},"google_service_account":{"type":"string","description_kind":"plain","optional":true},"use_preemptible_executors":{"type":"bool","description_kind":"plain","optional":true},"zone_id":{"type":"string","description_kind":"plain","optional":true}},"description_kind":"plain"},"max_items":1},"init_scripts":{"nesting_mode":"list","block":{"block_types":{"abfss":{"nesting_mode":"list","block":{"attributes":{"destination":{"type":"string","description_kind":"plain","optional":true}},"description_kind":"plain"},"max_items":1},"dbfs":{"nesting_mode":"list","block":{"attributes":{"destination":{"type":"string","description_kind":"plain","required":true}},"description_kind":"plain"},"max_items":1},"file":{"nesting_mode":"list","block":{"attributes":{"destination":{"type":"string","description_kind":"plain","optional":true}},"description_kind":"plain"},"max_items":1},"gcs":{"nesting_mode":"list","block":{"attributes":{"destination":{"type":"string","description_kind":"plain","optional":true}},"description_kind":"plain"},"max_items":1},"s3":{"nesting_mode":"list","block":{"attributes":{"canned_acl":{"type":"string","description_kind":"plain","optional":true},"destination":{"type":"string","description_kind":"plain","required":true},"enable_encryption":{"type":"bool","description_kind":"plain","optional":true},"encryption_type":{"type":"string","description_kind":"plain","optional":true},"endpoint":{"type":"string","description_kind":"plain","optional":true},"kms_key":{"type":"string","description_kind":"plain","optional":true},"region":{"type":"string","description_kind":"plain","optional":true}},"description_kind":"plain"},"max_items":1}},"description_kind":"plain"},"max_items":10},"workload_type":{"nesting_mode":"list","block":{"block_types":{"clients":{"nesting_mode":"list","block":{"attributes":{"jobs":{"type":"bool","description_kind":"plain","optional":true},"notebooks":{"type":"bool","description_kind":"plain","optional":true}},"description_kind":"plain"},"min_items":1,"max_items":1}},"description_kind":"plain"},"max_items":1}},"description_kind":"plain"},"max_items":1},"notebook_task":{"nesting_mode":"list","block":{"attributes":{"base_parameters":{"type":["map","string"],"description_kind":"plain","optional":true},"notebook_path":{"type":"string","description_kind":"plain","required":true},"source":{"type":"string","description_kind":"plain","optional":true}},"description_kind":"plain"},"max_items":1},"pipeline_task":{"nesting_mode":"list","block":{"attributes":{"pipeline_id":{"type":"string","description_kind":"plain","required":true}},"description_kind":"plain"},"max_items":1},"python_wheel_task":{"nesting_mode":"list","block":{"attributes":{"entry_point":{"type":"string","description_kind":"plain","optional":true},"named_parameters":{"type":["map","string"],"description_kind":"plain","optional":true},"package_name":{"type":"string","description_kind":"plain","optional":true},"parameters":{"type":["list","string"],"description_kind":"plain","optional":true}},"description_kind":"plain"},"max_items":1},"schedule":{"nesting_mode":"list","block":{"attributes":{"pause_status":{"type":"string","description_kind":"plain","optional":true,"computed":true},"quartz_cron_expression":{"type":"string","description_kind":"plain","required":true},"timezone_id":{"type":"string","description_kind":"plain","required":true}},"description_kind":"plain"},"max_items":1},"spark_jar_task":{"nesting_mode":"list","block":{"attributes":{"jar_uri":{"type":"string","description_kind":"plain","optional":true},"main_class_name":{"type":"string","description_kind":"plain","optional":true},"parameters":{"type":["list","string"],"description_kind":"plain","optional":true}},"description_kind":"plain"},"max_items":1},"spark_python_task":{"nesting_mode":"list","block":{"attributes":{"parameters":{"type":["list","string"],"description_kind":"plain","optional":true},"python_file":{"type":"string","description_kind":"plain","required":true}},"description_kind":"plain"},"max_items":1},"spark_submit_task":{"nesting_mode":"list","block":{"attributes":{"parameters":{"type":["list","string"],"description_kind":"plain","optional":true}},"description_kind":"plain"},"max_items":1},"task":{"nesting_mode":"list","block":{"attributes":{"description":{"type":"string","description_kind":"plain","optional":true},"existing_cluster_id":{"type":"string","description_kind":"plain","optional":true},"job_cluster_key":{"type":"string","description_kind":"plain","optional":true},"max_retries":{"type":"number","description_kind":"plain","optional":true},"min_retry_interval_millis":{"type":"number","description_kind":"plain","optional":true},"retry_on_timeout":{"type":"bool","description_kind":"plain","optional":true,"computed":true},"task_key":{"type":"string","description_kind":"plain","optional":true},"timeout_seconds":{"type":"number","description_kind":"plain","optional":true}},"block_types":{"dbt_task":{"nesting_mode":"list","block":{"attributes":{"catalog":{"type":"string","description_kind":"plain","optional":true},"commands":{"type":["list","string"],"description_kind":"plain","required":true},"profiles_directory":{"type":"string","description_kind":"plain","optional":true},"project_directory":{"type":"string","description_kind":"plain","optional":true},"schema":{"type":"string","description_kind":"plain","optional":true},"warehouse_id":{"type":"string","description_kind":"plain","optional":true}},"description_kind":"plain"},"max_items":1},"depends_on":{"nesting_mode":"list","block":{"attributes":{"task_key":{"type":"string","description_kind":"plain","optional":true}},"description_kind":"plain"}},"email_notifications":{"nesting_mode":"list","block":{"attributes":{"alert_on_last_attempt":{"type":"bool","description_kind":"plain","optional":true},"no_alert_for_skipped_runs":{"type":"bool","description_kind":"plain","optional":true},"on_failure":{"type":["list","string"],"description_kind":"plain","optional":true},"on_start":{"type":["list","string"],"description_kind":"plain","optional":true},"on_success":{"type":["list","string"],"description_kind":"plain","optional":true}},"description_kind":"plain"},"max_items":1},"library":{"nesting_mode":"set","block":{"attributes":{"egg":{"type":"string","description_kind":"plain","optional":true},"jar":{"type":"string","description_kind":"plain","optional":true},"whl":{"type":"string","description_kind":"plain","optional":true}},"block_types":{"cran":{"nesting_mode":"list","block":{"attributes":{"package":{"type":"string","description_kind":"plain","required":true},"repo":{"type":"string","description_kind":"plain","optional":true}},"description_kind":"plain"},"max_items":1},"maven":{"nesting_mode":"list","block":{"attributes":{"coordinates":{"type":"string","description_kind":"plain","required":true},"exclusions":{"type":["list","string"],"description_kind":"plain","optional":true},"repo":{"type":"string","description_kind":"plain","optional":true}},"description_kind":"plain"},"max_items":1},"pypi":{"nesting_mode":"list","block":{"attributes":{"package":{"type":"string","description_kind":"plain","required":true},"repo":{"type":"string","description_kind":"plain","optional":true}},"description_kind":"plain"},"max_items":1}},"description_kind":"plain"}},"new_cluster":{"nesting_mode":"list","block":{"attributes":{"apply_policy_default_values":{"type":"bool","description_kind":"plain","optional":true},"autotermination_minutes":{"type":"number","description_kind":"plain","optional":true},"cluster_id":{"type":"string","description_kind":"plain","optional":true},"cluster_name":{"type":"string","description_kind":"plain","optional":true},"custom_tags":{"type":["map","string"],"description_kind":"plain","optional":true},"data_security_mode":{"type":"string","description_kind":"plain","optional":true},"driver_instance_pool_id":{"type":"string","description_kind":"plain","optional":true,"computed":true},"driver_node_type_id":{"type":"string","description_kind":"plain","optional":true,"computed":true},"enable_elastic_disk":{"type":"bool","description_kind":"plain","optional":true,"computed":true},"enable_local_disk_encryption":{"type":"bool","description_kind":"plain","optional":true,"computed":true},"idempotency_token":{"type":"string","description_kind":"plain","optional":true},"instance_pool_id":{"type":"string","description_kind":"plain","optional":true},"node_type_id":{"type":"string","description_kind":"plain","optional":true,"computed":true},"num_workers":{"type":"number","description_kind":"plain","required":true},"policy_id":{"type":"string","description_kind":"plain","optional":true},"runtime_engine":{"type":"string","description_kind":"plain","optional":true},"single_user_name":{"type":"string","description_kind":"plain","optional":true},"spark_conf":{"type":["map","string"],"description_kind":"plain","optional":true},"spark_env_vars":{"type":["map","string"],"description_kind":"plain","optional":true},"spark_version":{"type":"string","description_kind":"plain","required":true},"ssh_public_keys":{"type":["list","string"],"description_kind":"plain","optional":true}},"block_types":{"autoscale":{"nesting_mode":"list","block":{"attributes":{"max_workers":{"type":"number","description_kind":"plain","optional":true},"min_workers":{"type":"number","description_kind":"plain","optional":true}},"description_kind":"plain"},"max_items":1},"aws_attributes":{"nesting_mode":"list","block":{"attributes":{"availability":{"type":"string","description_kind":"plain","optional":true},"ebs_volume_count":{"type":"number","description_kind":"plain","optional":true},"ebs_volume_size":{"type":"number","description_kind":"plain","optional":true},"ebs_volume_type":{"type":"string","description_kind":"plain","optional":true},"first_on_demand":{"type":"number","description_kind":"plain","optional":true},"instance_profile_arn":{"type":"string","description_kind":"plain","optional":true},"spot_bid_price_percent":{"type":"number","description_kind":"plain","optional":true},"zone_id":{"type":"string","description_kind":"plain","optional":true}},"description_kind":"plain"},"max_items":1},"azure_attributes":{"nesting_mode":"list","block":{"attributes":{"availability":{"type":"string","description_kind":"plain","optional":true},"first_on_demand":{"type":"number","description_kind":"plain","optional":true},"spot_bid_max_price":{"type":"number","description_kind":"plain","optional":true}},"description_kind":"plain"},"max_items":1},"cluster_log_conf":{"nesting_mode":"list","block":{"block_types":{"dbfs":{"nesting_mode":"list","block":{"attributes":{"destination":{"type":"string","description_kind":"plain","required":true}},"description_kind":"plain"},"max_items":1},"s3":{"nesting_mode":"list","block":{"attributes":{"canned_acl":{"type":"string","description_kind":"plain","optional":true},"destination":{"type":"string","description_kind":"plain","required":true},"enable_encryption":{"type":"bool","description_kind":"plain","optional":true},"encryption_type":{"type":"string","description_kind":"plain","optional":true},"endpoint":{"type":"string","description_kind":"plain","optional":true},"kms_key":{"type":"string","description_kind":"plain","optional":true},"region":{"type":"string","description_kind":"plain","optional":true}},"description_kind":"plain"},"max_items":1}},"description_kind":"plain"},"max_items":1},"cluster_mount_info":{"nesting_mode":"list","block":{"attributes":{"local_mount_dir_path":{"type":"string","description_kind":"plain","required":true},"remote_mount_dir_path":{"type":"string","description_kind":"plain","optional":true}},"block_types":{"network_filesystem_info":{"nesting_mode":"list","block":{"attributes":{"mount_options":{"type":"string","description_kind":"plain","optional":true},"server_address":{"type":"string","description_kind":"plain","required":true}},"description_kind":"plain"},"min_items":1,"max_items":1}},"description_kind":"plain"}},"docker_image":{"nesting_mode":"list","block":{"attributes":{"url":{"type":"string","description_kind":"plain","required":true}},"block_types":{"basic_auth":{"nesting_mode":"list","block":{"attributes":{"password":{"type":"string","description_kind":"plain","required":true,"sensitive":true},"username":{"type":"string","description_kind":"plain","required":true}},"description_kind":"plain"},"max_items":1}},"description_kind":"plain"},"max_items":1},"gcp_attributes":{"nesting_mode":"list","block":{"attributes":{"availability":{"type":"string","description_kind":"plain","optional":true},"boot_disk_size":{"type":"number","description_kind":"plain","optional":true},"google_service_account":{"type":"string","description_kind":"plain","optional":true},"use_preemptible_executors":{"type":"bool","description_kind":"plain","optional":true},"zone_id":{"type":"string","description_kind":"plain","optional":true}},"description_kind":"plain"},"max_items":1},"init_scripts":{"nesting_mode":"list","block":{"block_types":{"abfss":{"nesting_mode":"list","block":{"attributes":{"destination":{"type":"string","description_kind":"plain","optional":true}},"description_kind":"plain"},"max_items":1},"dbfs":{"nesting_mode":"list","block":{"attributes":{"destination":{"type":"string","description_kind":"plain","required":true}},"description_kind":"plain"},"max_items":1},"file":{"nesting_mode":"list","block":{"attributes":{"destination":{"type":"string","description_kind":"plain","optional":true}},"description_kind":"plain"},"max_items":1},"gcs":{"nesting_mode":"list","block":{"attributes":{"destination":{"type":"string","description_kind":"plain","optional":true}},"description_kind":"plain"},"max_items":1},"s3":{"nesting_mode":"list","block":{"attributes":{"canned_acl":{"type":"string","description_kind":"plain","optional":true},"destination":{"type":"string","description_kind":"plain","required":true},"enable_encryption":{"type":"bool","description_kind":"plain","optional":true},"encryption_type":{"type":"string","description_kind":"plain","optional":true},"endpoint":{"type":"string","description_kind":"plain","optional":true},"kms_key":{"type":"string","description_kind":"plain","optional":true},"region":{"type":"string","description_kind":"plain","optional":true}},"description_kind":"plain"},"max_items":1}},"description_kind":"plain"},"max_items":10},"workload_type":{"nesting_mode":"list","block":{"block_types":{"clients":{"nesting_mode":"list","block":{"attributes":{"jobs":{"type":"bool","description_kind":"plain","optional":true},"notebooks":{"type":"bool","description_kind":"plain","optional":true}},"description_kind":"plain"},"min_items":1,"max_items":1}},"description_kind":"plain"},"max_items":1}},"description_kind":"plain"},"max_items":1},"notebook_task":{"nesting_mode":"list","block":{"attributes":{"base_parameters":{"type":["map","string"],"description_kind":"plain","optional":true},"notebook_path":{"type":"string","description_kind":"plain","required":true},"source":{"type":"string","description_kind":"plain","optional":true}},"description_kind":"plain"},"max_items":1},"pipeline_task":{"nesting_mode":"list","block":{"attributes":{"pipeline_id":{"type":"string","description_kind":"plain","required":true}},"description_kind":"plain"},"max_items":1},"python_wheel_task":{"nesting_mode":"list","block":{"attributes":{"entry_point":{"type":"string","description_kind":"plain","optional":true},"named_parameters":{"type":["map","string"],"description_kind":"plain","optional":true},"package_name":{"type":"string","description_kind":"plain","optional":true},"parameters":{"type":["list","string"],"description_kind":"plain","optional":true}},"description_kind":"plain"},"max_items":1},"spark_jar_task":{"nesting_mode":"list","block":{"attributes":{"jar_uri":{"type":"string","description_kind":"plain","optional":true},"main_class_name":{"type":"string","description_kind":"plain","optional":true},"parameters":{"type":["list","string"],"description_kind":"plain","optional":true}},"description_kind":"plain"},"max_items":1},"spark_python_task":{"nesting_mode":"list","block":{"attributes":{"parameters":{"type":["list","string"],"description_kind":"plain","optional":true},"python_file":{"type":"string","description_kind":"plain","required":true}},"description_kind":"plain"},"max_items":1},"spark_submit_task":{"nesting_mode":"list","block":{"attributes":{"parameters":{"type":["list","string"],"description_kind":"plain","optional":true}},"description_kind":"plain"},"max_items":1},"sql_task":{"nesting_mode":"list","block":{"attributes":{"parameters":{"type":["map","string"],"description_kind":"plain","optional":true},"warehouse_id":{"type":"string","description_kind":"plain","optional":true}},"block_types":{"alert":{"nesting_mode":"list","block":{"attributes":{"alert_id":{"type":"string","description_kind":"plain","required":true}},"description_kind":"plain"},"max_items":1},"dashboard":{"nesting_mode":"list","block":{"attributes":{"dashboard_id":{"type":"string","description_kind":"plain","required":true}},"description_kind":"plain"},"max_items":1},"query":{"nesting_mode":"list","block":{"attributes":{"query_id":{"type":"string","description_kind":"plain","required":true}},"description_kind":"plain"},"max_items":1}},"description_kind":"plain"},"max_items":1}},"description_kind":"plain"}},"webhook_notifications":{"nesting_mode":"list","block":{"block_types":{"on_failure":{"nesting_mode":"list","block":{"attributes":{"id":{"type":"string","description_kind":"plain","required":true}},"description_kind":"plain"}},"on_start":{"nesting_mode":"list","block":{"attributes":{"id":{"type":"string","description_kind":"plain","required":true}},"description_kind":"plain"}},"on_success":{"nesting_mode":"list","block":{"attributes":{"id":{"type":"string","description_kind":"plain","required":true}},"description_kind":"plain"}}},"description_kind":"plain"},"max_items":1}},"description_kind":"plain"},"max_items":1}},"description_kind":"plain"},"max_items":1}},"description_kind":"plain"}},"databricks_jobs":{"version":0,"block":{"attributes":{"id":{"type":"string","description_kind":"plain","optional":true,"computed":true},"ids":{"type":["map","string"],"description_kind":"plain","optional":true,"computed":true}},"description_kind":"plain"}},"databricks_mws_credentials":{"version":0,"block":{"attributes":{"id":{"type":"string","description_kind":"plain","optional":true,"computed":true},"ids":{"type":["map","string"],"description_kind":"plain","optional":true,"computed":true}},"description_kind":"plain"}},"databricks_mws_workspaces":{"version":3,"block":{"attributes":{"id":{"type":"string","description_kind":"plain","optional":true,"computed":true},"ids":{"type":["map","number"],"description_kind":"plain","optional":true,"computed":true}},"description_kind":"plain"}},"databricks_node_type":{"version":0,"block":{"attributes":{"category":{"type":"string","description_kind":"plain","optional":true},"fleet":{"type":"bool","description_kind":"plain","optional":true},"gb_per_core":{"type":"number","description_kind":"plain","optional":true},"graviton":{"type":"bool","description_kind":"plain","optional":true},"id":{"type":"string","description_kind":"plain","optional":true,"computed":true},"is_io_cache_enabled":{"type":"bool","description_kind":"plain","optional":true},"local_disk":{"type":"bool","description_kind":"plain","optional":true},"local_disk_min_size":{"type":"number","description_kind":"plain","optional":true},"min_cores":{"type":"number","description_kind":"plain","optional":true},"min_gpus":{"type":"number","description_kind":"plain","optional":true},"min_memory_gb":{"type":"number","description_kind":"plain","optional":true},"photon_driver_capable":{"type":"bool","description_kind":"plain","optional":true},"photon_worker_capable":{"type":"bool","description_kind":"plain","optional":true},"support_port_forwarding":{"type":"bool","description_kind":"plain","optional":true},"vcpu":{"type":"bool","description_kind":"plain","optional":true}},"description_kind":"plain"}},"databricks_notebook":{"version":1,"block":{"attributes":{"content":{"type":"string","description_kind":"plain","computed":true},"format":{"type":"string","description_kind":"plain","required":true},"id":{"type":"string","description_kind":"plain","optional":true,"computed":true},"language":{"type":"string","description_kind":"plain","optional":true,"computed":true},"object_id":{"type":"number","description_kind":"plain","optional":true,"computed":true},"object_type":{"type":"string","description_kind":"plain","optional":true,"computed":true},"path":{"type":"string","description_kind":"plain","required":true}},"description_kind":"plain"}},"databricks_notebook_paths":{"version":0,"block":{"attributes":{"id":{"type":"string","description_kind":"plain","optional":true,"computed":true},"notebook_path_list":{"type":["set",["object",{"language":"string","path":"string"}]],"description_kind":"plain","computed":true},"path":{"type":"string","description_kind":"plain","required":true},"recursive":{"type":"bool","description_kind":"plain","required":true}},"description_kind":"plain"}},"databricks_schemas":{"version":0,"block":{"attributes":{"catalog_name":{"type":"string","description_kind":"plain","required":true},"id":{"type":"string","description_kind":"plain","optional":true,"computed":true},"ids":{"type":["set","string"],"description_kind":"plain","optional":true,"computed":true}},"description_kind":"plain"}},"databricks_service_principal":{"version":0,"block":{"attributes":{"active":{"type":"bool","description_kind":"plain","optional":true,"computed":true},"application_id":{"type":"string","description_kind":"plain","optional":true,"computed":true},"display_name":{"type":"string","description_kind":"plain","optional":true,"computed":true},"external_id":{"type":"string","description_kind":"plain","optional":true,"computed":true},"home":{"type":"string","description_kind":"plain","optional":true,"computed":true},"id":{"type":"string","description_kind":"plain","optional":true,"computed":true},"repos":{"type":"string","description_kind":"plain","optional":true,"computed":true},"sp_id":{"type":"string","description_kind":"plain","optional":true,"computed":true}},"description_kind":"plain"}},"databricks_service_principals":{"version":0,"block":{"attributes":{"application_ids":{"type":["set","string"],"description_kind":"plain","optional":true,"computed":true},"display_name_contains":{"type":"string","description_kind":"plain","optional":true,"computed":true},"id":{"type":"string","description_kind":"plain","optional":true,"computed":true}},"description_kind":"plain"}},"databricks_share":{"version":0,"block":{"attributes":{"created_at":{"type":"number","description_kind":"plain","optional":true,"computed":true},"created_by":{"type":"string","description_kind":"plain","optional":true,"computed":true},"id":{"type":"string","description_kind":"plain","optional":true,"computed":true},"name":{"type":"string","description_kind":"plain","optional":true,"computed":true}},"block_types":{"object":{"nesting_mode":"set","block":{"attributes":{"added_at":{"type":"number","description_kind":"plain","optional":true,"computed":true},"added_by":{"type":"string","description_kind":"plain","optional":true,"computed":true},"comment":{"type":"string","description_kind":"plain","optional":true},"data_object_type":{"type":"string","description_kind":"plain","required":true},"name":{"type":"string","description_kind":"plain","required":true},"shared_as":{"type":"string","description_kind":"plain","optional":true,"computed":true}},"description_kind":"plain"}}},"description_kind":"plain"}},"databricks_shares":{"version":0,"block":{"attributes":{"id":{"type":"string","description_kind":"plain","optional":true,"computed":true},"shares":{"type":["set","string"],"description_kind":"plain","optional":true,"computed":true}},"description_kind":"plain"}},"databricks_spark_version":{"version":0,"block":{"attributes":{"beta":{"type":"bool","description_kind":"plain","optional":true},"genomics":{"type":"bool","description_kind":"plain","optional":true},"gpu":{"type":"bool","description_kind":"plain","optional":true},"graviton":{"type":"bool","description_kind":"plain","optional":true},"id":{"type":"string","description_kind":"plain","optional":true,"computed":true},"latest":{"type":"bool","description_kind":"plain","optional":true},"long_term_support":{"type":"bool","description_kind":"plain","optional":true},"ml":{"type":"bool","description_kind":"plain","optional":true},"photon":{"type":"bool","description_kind":"plain","optional":true},"scala":{"type":"string","description_kind":"plain","optional":true},"spark_version":{"type":"string","description_kind":"plain","optional":true}},"description_kind":"plain"}},"databricks_sql_warehouse":{"version":0,"block":{"attributes":{"auto_stop_mins":{"type":"number","description_kind":"plain","optional":true,"computed":true},"cluster_size":{"type":"string","description_kind":"plain","optional":true,"computed":true},"data_source_id":{"type":"string","description_kind":"plain","optional":true,"computed":true},"enable_photon":{"type":"bool","description_kind":"plain","optional":true,"computed":true},"enable_serverless_compute":{"type":"bool","description_kind":"plain","optional":true,"computed":true},"id":{"type":"string","description_kind":"plain","required":true},"instance_profile_arn":{"type":"string","description_kind":"plain","optional":true,"computed":true},"jdbc_url":{"type":"string","description_kind":"plain","optional":true,"computed":true},"max_num_clusters":{"type":"number","description_kind":"plain","optional":true,"computed":true},"min_num_clusters":{"type":"number","description_kind":"plain","optional":true,"computed":true},"name":{"type":"string","description_kind":"plain","optional":true,"computed":true},"num_clusters":{"type":"number","description_kind":"plain","optional":true,"computed":true},"spot_instance_policy":{"type":"string","description_kind":"plain","optional":true,"computed":true},"state":{"type":"string","description_kind":"plain","optional":true,"computed":true}},"block_types":{"channel":{"nesting_mode":"list","block":{"attributes":{"name":{"type":"string","description_kind":"plain","optional":true}},"description_kind":"plain"},"max_items":1},"odbc_params":{"nesting_mode":"list","block":{"attributes":{"host":{"type":"string","description_kind":"plain","optional":true},"hostname":{"type":"string","description_kind":"plain","optional":true},"path":{"type":"string","description_kind":"plain","required":true},"port":{"type":"number","description_kind":"plain","required":true},"protocol":{"type":"string","description_kind":"plain","required":true}},"description_kind":"plain"},"max_items":1},"tags":{"nesting_mode":"list","block":{"block_types":{"custom_tags":{"nesting_mode":"list","block":{"attributes":{"key":{"type":"string","description_kind":"plain","required":true},"value":{"type":"string","description_kind":"plain","required":true}},"description_kind":"plain"},"min_items":1}},"description_kind":"plain"},"max_items":1}},"description_kind":"plain"}},"databricks_sql_warehouses":{"version":0,"block":{"attributes":{"id":{"type":"string","description_kind":"plain","optional":true,"computed":true},"ids":{"type":["set","string"],"description_kind":"plain","optional":true,"computed":true},"warehouse_name_contains":{"type":"string","description_kind":"plain","optional":true}},"description_kind":"plain"}},"databricks_tables":{"version":0,"block":{"attributes":{"catalog_name":{"type":"string","description_kind":"plain","required":true},"id":{"type":"string","description_kind":"plain","optional":true,"computed":true},"ids":{"type":["set","string"],"description_kind":"plain","optional":true,"computed":true},"schema_name":{"type":"string","description_kind":"plain","required":true}},"description_kind":"plain"}},"databricks_user":{"version":0,"block":{"attributes":{"alphanumeric":{"type":"string","description_kind":"plain","computed":true},"application_id":{"type":"string","description_kind":"plain","computed":true},"display_name":{"type":"string","description_kind":"plain","computed":true},"external_id":{"type":"string","description_kind":"plain","computed":true},"home":{"type":"string","description_kind":"plain","computed":true},"id":{"type":"string","description_kind":"plain","optional":true,"computed":true},"repos":{"type":"string","description_kind":"plain","computed":true},"user_id":{"type":"string","description_kind":"plain","optional":true},"user_name":{"type":"string","description_kind":"plain","optional":true}},"description_kind":"plain"}},"databricks_views":{"version":0,"block":{"attributes":{"catalog_name":{"type":"string","description_kind":"plain","required":true},"id":{"type":"string","description_kind":"plain","optional":true,"computed":true},"ids":{"type":["set","string"],"description_kind":"plain","optional":true,"computed":true},"schema_name":{"type":"string","description_kind":"plain","required":true}},"description_kind":"plain"}},"databricks_zones":{"version":0,"block":{"attributes":{"default_zone":{"type":"string","description_kind":"plain","computed":true},"id":{"type":"string","description_kind":"plain","optional":true,"computed":true},"zones":{"type":["list","string"],"description_kind":"plain","computed":true}},"description_kind":"plain"}}}}}}
